// !$*UTF8*$!
{
	archiveVersion = 1;
	classes = {
	};
	objectVersion = 46;
	objects = {

/* Begin PBXBuildFile section */
		EB1C56231D4056C50004AB2F /* YQXXViewController.m in Sources */ = {isa = PBXBuildFile; fileRef = EB1C56221D4056C50004AB2F /* YQXXViewController.m */; };
		EB1C56251D40594C0004AB2F /* search-icon.png in Resources */ = {isa = PBXBuildFile; fileRef = EB1C56241D40594C0004AB2F /* search-icon.png */; };
		EB1C56291D409B950004AB2F /* YLViewController.m in Sources */ = {isa = PBXBuildFile; fileRef = EB1C56281D409B950004AB2F /* YLViewController.m */; };
		EB1C562C1D40A44E0004AB2F /* SQXXViewController.m in Sources */ = {isa = PBXBuildFile; fileRef = EB1C562B1D40A44E0004AB2F /* SQXXViewController.m */; };
		EB1C56301D40C1AD0004AB2F /* SW_ViewController.m in Sources */ = {isa = PBXBuildFile; fileRef = EB1C562F1D40C1AD0004AB2F /* SW_ViewController.m */; };
		EB3184181D45A32900B246BB /* XQWorkViewController.m in Sources */ = {isa = PBXBuildFile; fileRef = EB3184171D45A32900B246BB /* XQWorkViewController.m */; };
		EB4EC5B91D3BB00A00E24D1E /* BTView.m in Sources */ = {isa = PBXBuildFile; fileRef = EB4EC5B81D3BB00A00E24D1E /* BTView.m */; };
		EB4EC5BC1D3BB23400E24D1E /* MainViewController.m in Sources */ = {isa = PBXBuildFile; fileRef = EB4EC5BB1D3BB23400E24D1E /* MainViewController.m */; };
		EB691F5D1D4B421E0004732B /* PopoverView.m in Sources */ = {isa = PBXBuildFile; fileRef = EB691F541D4B421E0004732B /* PopoverView.m */; };
		EB691F5E1D4B421E0004732B /* SHLineGraphView.m in Sources */ = {isa = PBXBuildFile; fileRef = EB691F581D4B421E0004732B /* SHLineGraphView.m */; };
		EB691F5F1D4B421E0004732B /* SHPlot.m in Sources */ = {isa = PBXBuildFile; fileRef = EB691F5A1D4B421E0004732B /* SHPlot.m */; };
		EBA0ECD91D38C6A7006C8730 /* 1.png in Resources */ = {isa = PBXBuildFile; fileRef = EBA0ECCD1D38C6A7006C8730 /* 1.png */; };
		EBA0ECDA1D38C6A7006C8730 /* 10.png in Resources */ = {isa = PBXBuildFile; fileRef = EBA0ECCE1D38C6A7006C8730 /* 10.png */; };
		EBA0ECDB1D38C6A7006C8730 /* 11.png in Resources */ = {isa = PBXBuildFile; fileRef = EBA0ECCF1D38C6A7006C8730 /* 11.png */; };
		EBA0ECDC1D38C6A7006C8730 /* 12.png in Resources */ = {isa = PBXBuildFile; fileRef = EBA0ECD01D38C6A7006C8730 /* 12.png */; };
		EBA0ECDD1D38C6A7006C8730 /* 2.png in Resources */ = {isa = PBXBuildFile; fileRef = EBA0ECD11D38C6A7006C8730 /* 2.png */; };
		EBA0ECDE1D38C6A7006C8730 /* 3.png in Resources */ = {isa = PBXBuildFile; fileRef = EBA0ECD21D38C6A7006C8730 /* 3.png */; };
		EBA0ECDF1D38C6A7006C8730 /* 4.png in Resources */ = {isa = PBXBuildFile; fileRef = EBA0ECD31D38C6A7006C8730 /* 4.png */; };
		EBA0ECE01D38C6A7006C8730 /* 5.png in Resources */ = {isa = PBXBuildFile; fileRef = EBA0ECD41D38C6A7006C8730 /* 5.png */; };
		EBA0ECE11D38C6A7006C8730 /* 6.png in Resources */ = {isa = PBXBuildFile; fileRef = EBA0ECD51D38C6A7006C8730 /* 6.png */; };
		EBA0ECE21D38C6A7006C8730 /* 7.png in Resources */ = {isa = PBXBuildFile; fileRef = EBA0ECD61D38C6A7006C8730 /* 7.png */; };
		EBA0ECE31D38C6A7006C8730 /* 8.png in Resources */ = {isa = PBXBuildFile; fileRef = EBA0ECD71D38C6A7006C8730 /* 8.png */; };
		EBA0ECE41D38C6A7006C8730 /* 9.png in Resources */ = {isa = PBXBuildFile; fileRef = EBA0ECD81D38C6A7006C8730 /* 9.png */; };
		EBC1417D1D3F531F00A20701 /* XQ_XQViewController.m in Sources */ = {isa = PBXBuildFile; fileRef = EBC1417C1D3F531F00A20701 /* XQ_XQViewController.m */; };
		EBC141801D3F597F00A20701 /* SetViewController.m in Sources */ = {isa = PBXBuildFile; fileRef = EBC1417F1D3F597F00A20701 /* SetViewController.m */; };
		EBC141831D3F771600A20701 /* WorkViewController.m in Sources */ = {isa = PBXBuildFile; fileRef = EBC141821D3F771600A20701 /* WorkViewController.m */; };
		EBC141861D3F7A5F00A20701 /* FXJZViewController.m in Sources */ = {isa = PBXBuildFile; fileRef = EBC141851D3F7A5F00A20701 /* FXJZViewController.m */; };
		EBC262881D47571D007A6F9C /* DateNowString.m in Sources */ = {isa = PBXBuildFile; fileRef = EBC262871D47571D007A6F9C /* DateNowString.m */; };
		EBC5BC631D3DF5FE00A3E55A /* QuartzCore.framework in Frameworks */ = {isa = PBXBuildFile; fileRef = EBC5BC621D3DF5FE00A3E55A /* QuartzCore.framework */; };
		EBC5BC651D3DF61100A3E55A /* Foundation.framework in Frameworks */ = {isa = PBXBuildFile; fileRef = EBC5BC641D3DF61100A3E55A /* Foundation.framework */; };
		EBC5BC671D3DF62400A3E55A /* UIKit.framework in Frameworks */ = {isa = PBXBuildFile; fileRef = EBC5BC661D3DF62400A3E55A /* UIKit.framework */; };
		EBC5BC691D3DF63F00A3E55A /* CoreGraphics.framework in Frameworks */ = {isa = PBXBuildFile; fileRef = EBC5BC681D3DF63F00A3E55A /* CoreGraphics.framework */; };
		EBC5BC6D1D3E034100A3E55A /* DQXQController.m in Sources */ = {isa = PBXBuildFile; fileRef = EBC5BC6B1D3E034100A3E55A /* DQXQController.m */; };
		EBC5BC731D3E197100A3E55A /* nav_back.png in Resources */ = {isa = PBXBuildFile; fileRef = EBC5BC721D3E197100A3E55A /* nav_back.png */; };
		EBDB48FA1D5026E10029FEE8 /* drop4.png in Resources */ = {isa = PBXBuildFile; fileRef = EBDB48F91D5026E10029FEE8 /* drop4.png */; };
		EBDB49011D5072E30029FEE8 /* zxLIneView.m in Sources */ = {isa = PBXBuildFile; fileRef = EBDB49001D5072E30029FEE8 /* zxLIneView.m */; };
		EBE25A3B1D45AAF40078A073 /* XQWAreaViewController.m in Sources */ = {isa = PBXBuildFile; fileRef = EBE25A3A1D45AAF40078A073 /* XQWAreaViewController.m */; };
		EBE25A3E1D45BB810078A073 /* XQFJViewController.m in Sources */ = {isa = PBXBuildFile; fileRef = EBE25A3D1D45BB810078A073 /* XQFJViewController.m */; };
		EBE25A411D45C6C50078A073 /* SXFJViewController.m in Sources */ = {isa = PBXBuildFile; fileRef = EBE25A401D45C6C50078A073 /* SXFJViewController.m */; };
		EBE25A461D45DFE60078A073 /* pinyin.c in Sources */ = {isa = PBXBuildFile; fileRef = EBE25A441D45DFE60078A073 /* pinyin.c */; };
		EBE25A491D45E5510078A073 /* ChineseString.m in Sources */ = {isa = PBXBuildFile; fileRef = EBE25A481D45E5510078A073 /* ChineseString.m */; };
		EBE299331D4F488F006A45CC /* NSString+Zirkfied.m in Sources */ = {isa = PBXBuildFile; fileRef = EBE299111D4F488E006A45CC /* NSString+Zirkfied.m */; };
		EBE299341D4F488F006A45CC /* UIColor+Zirkfied.m in Sources */ = {isa = PBXBuildFile; fileRef = EBE299131D4F488E006A45CC /* UIColor+Zirkfied.m */; };
		EBE299351D4F488F006A45CC /* UIView+Zirkfied.m in Sources */ = {isa = PBXBuildFile; fileRef = EBE299151D4F488E006A45CC /* UIView+Zirkfied.m */; };
		EBE299361D4F488F006A45CC /* ZFConst.m in Sources */ = {isa = PBXBuildFile; fileRef = EBE2991A1D4F488E006A45CC /* ZFConst.m */; };
		EBE299371D4F488F006A45CC /* ZFBar.m in Sources */ = {isa = PBXBuildFile; fileRef = EBE2991D1D4F488E006A45CC /* ZFBar.m */; };
		EBE299381D4F488F006A45CC /* ZFBarChart.m in Sources */ = {isa = PBXBuildFile; fileRef = EBE2991F1D4F488E006A45CC /* ZFBarChart.m */; };
		EBE299391D4F488F006A45CC /* ZFAxisLine.m in Sources */ = {isa = PBXBuildFile; fileRef = EBE299221D4F488E006A45CC /* ZFAxisLine.m */; };
		EBE2993A1D4F488F006A45CC /* ZFGenericChart.m in Sources */ = {isa = PBXBuildFile; fileRef = EBE299241D4F488E006A45CC /* ZFGenericChart.m */; };
		EBE2993B1D4F488F006A45CC /* ZFLabel.m in Sources */ = {isa = PBXBuildFile; fileRef = EBE299261D4F488E006A45CC /* ZFLabel.m */; };
		EBE2993C1D4F488F006A45CC /* ZFCirque.m in Sources */ = {isa = PBXBuildFile; fileRef = EBE299291D4F488E006A45CC /* ZFCirque.m */; };
		EBE2993D1D4F488F006A45CC /* ZFLine.m in Sources */ = {isa = PBXBuildFile; fileRef = EBE2992B1D4F488F006A45CC /* ZFLine.m */; };
		EBE2993E1D4F488F006A45CC /* ZFLineChart.m in Sources */ = {isa = PBXBuildFile; fileRef = EBE2992D1D4F488F006A45CC /* ZFLineChart.m */; };
		EBE2993F1D4F488F006A45CC /* ZFPieChart.m in Sources */ = {isa = PBXBuildFile; fileRef = EBE299301D4F488F006A45CC /* ZFPieChart.m */; };
		EBE299401D4F488F006A45CC /* ZFTranslucencePath.m in Sources */ = {isa = PBXBuildFile; fileRef = EBE299321D4F488F006A45CC /* ZFTranslucencePath.m */; };
		EBEE81951D3471C100469462 /* main.m in Sources */ = {isa = PBXBuildFile; fileRef = EBEE81941D3471C100469462 /* main.m */; };
		EBEE81981D3471C100469462 /* AppDelegate.m in Sources */ = {isa = PBXBuildFile; fileRef = EBEE81971D3471C100469462 /* AppDelegate.m */; };
		EBEE819B1D3471C100469462 /* ViewController.m in Sources */ = {isa = PBXBuildFile; fileRef = EBEE819A1D3471C100469462 /* ViewController.m */; };
		EBEE819E1D3471C100469462 /* Main.storyboard in Resources */ = {isa = PBXBuildFile; fileRef = EBEE819C1D3471C100469462 /* Main.storyboard */; };
		EBEE81A01D3471C100469462 /* Assets.xcassets in Resources */ = {isa = PBXBuildFile; fileRef = EBEE819F1D3471C100469462 /* Assets.xcassets */; };
		EBEE81A31D3471C100469462 /* LaunchScreen.storyboard in Resources */ = {isa = PBXBuildFile; fileRef = EBEE81A11D3471C100469462 /* LaunchScreen.storyboard */; };
		EBEE81AE1D3471C200469462 /* YTZGTests.m in Sources */ = {isa = PBXBuildFile; fileRef = EBEE81AD1D3471C200469462 /* YTZGTests.m */; };
		EBEE81B91D3471C200469462 /* YTZGUITests.m in Sources */ = {isa = PBXBuildFile; fileRef = EBEE81B81D3471C200469462 /* YTZGUITests.m */; };
		EBEE820F1D34801700469462 /* AFHTTPSessionManager.m in Sources */ = {isa = PBXBuildFile; fileRef = EBEE81EE1D34801700469462 /* AFHTTPSessionManager.m */; };
		EBEE82101D34801700469462 /* AFNetworkReachabilityManager.m in Sources */ = {isa = PBXBuildFile; fileRef = EBEE81F11D34801700469462 /* AFNetworkReachabilityManager.m */; };
		EBEE82111D34801700469462 /* AFSecurityPolicy.m in Sources */ = {isa = PBXBuildFile; fileRef = EBEE81F31D34801700469462 /* AFSecurityPolicy.m */; };
		EBEE82121D34801700469462 /* AFURLRequestSerialization.m in Sources */ = {isa = PBXBuildFile; fileRef = EBEE81F51D34801700469462 /* AFURLRequestSerialization.m */; };
		EBEE82131D34801700469462 /* AFURLResponseSerialization.m in Sources */ = {isa = PBXBuildFile; fileRef = EBEE81F71D34801700469462 /* AFURLResponseSerialization.m */; };
		EBEE82141D34801700469462 /* AFURLSessionManager.m in Sources */ = {isa = PBXBuildFile; fileRef = EBEE81F91D34801700469462 /* AFURLSessionManager.m */; };
		EBEE82151D34801700469462 /* AFAutoPurgingImageCache.m in Sources */ = {isa = PBXBuildFile; fileRef = EBEE81FC1D34801700469462 /* AFAutoPurgingImageCache.m */; };
		EBEE82161D34801700469462 /* AFImageDownloader.m in Sources */ = {isa = PBXBuildFile; fileRef = EBEE81FE1D34801700469462 /* AFImageDownloader.m */; };
		EBEE82171D34801700469462 /* AFNetworkActivityIndicatorManager.m in Sources */ = {isa = PBXBuildFile; fileRef = EBEE82001D34801700469462 /* AFNetworkActivityIndicatorManager.m */; };
		EBEE82181D34801700469462 /* UIActivityIndicatorView+AFNetworking.m in Sources */ = {isa = PBXBuildFile; fileRef = EBEE82021D34801700469462 /* UIActivityIndicatorView+AFNetworking.m */; };
		EBEE82191D34801700469462 /* UIButton+AFNetworking.m in Sources */ = {isa = PBXBuildFile; fileRef = EBEE82041D34801700469462 /* UIButton+AFNetworking.m */; };
		EBEE821A1D34801700469462 /* UIImageView+AFNetworking.m in Sources */ = {isa = PBXBuildFile; fileRef = EBEE82071D34801700469462 /* UIImageView+AFNetworking.m */; };
		EBEE821B1D34801700469462 /* UIProgressView+AFNetworking.m in Sources */ = {isa = PBXBuildFile; fileRef = EBEE820A1D34801700469462 /* UIProgressView+AFNetworking.m */; };
		EBEE821C1D34801700469462 /* UIRefreshControl+AFNetworking.m in Sources */ = {isa = PBXBuildFile; fileRef = EBEE820C1D34801700469462 /* UIRefreshControl+AFNetworking.m */; };
		EBEE821D1D34801700469462 /* UIWebView+AFNetworking.m in Sources */ = {isa = PBXBuildFile; fileRef = EBEE820E1D34801700469462 /* UIWebView+AFNetworking.m */; };
		EBEF38B91D41A38700CA3A58 /* QXGTViewController.m in Sources */ = {isa = PBXBuildFile; fileRef = EBEF38B81D41A38700CA3A58 /* QXGTViewController.m */; };
		EBEF38BC1D41A6EF00CA3A58 /* TXLViewController.m in Sources */ = {isa = PBXBuildFile; fileRef = EBEF38BB1D41A6EF00CA3A58 /* TXLViewController.m */; };
		EBEF38C11D41AC6600CA3A58 /* XQX_ViewController.m in Sources */ = {isa = PBXBuildFile; fileRef = EBEF38C01D41AC6600CA3A58 /* XQX_ViewController.m */; };
		EBEF38C51D41B31B00CA3A58 /* LINKViewController.m in Sources */ = {isa = PBXBuildFile; fileRef = EBEF38C41D41B31B00CA3A58 /* LINKViewController.m */; };
		EBEF38C81D41B7A400CA3A58 /* FXYAViewController.m in Sources */ = {isa = PBXBuildFile; fileRef = EBEF38C71D41B7A400CA3A58 /* FXYAViewController.m */; };
		EBEF38CC1D41B9D000CA3A58 /* YAXQViewController.m in Sources */ = {isa = PBXBuildFile; fileRef = EBEF38CB1D41B9D000CA3A58 /* YAXQViewController.m */; };
		EBEF38CF1D41BCC700CA3A58 /* YJDXViewController.m in Sources */ = {isa = PBXBuildFile; fileRef = EBEF38CE1D41BCC700CA3A58 /* YJDXViewController.m */; };
		EBEF38D31D41BDCE00CA3A58 /* MANViewController.m in Sources */ = {isa = PBXBuildFile; fileRef = EBEF38D21D41BDCE00CA3A58 /* MANViewController.m */; };
		EBF5052C1D421B7B00DE267F /* STHeiti-Light.ttc in Resources */ = {isa = PBXBuildFile; fileRef = EBF5052A1D421B7B00DE267F /* STHeiti-Light.ttc */; };
		EBF5052D1D421B7B00DE267F /* STHeiti-Medium.ttc in Resources */ = {isa = PBXBuildFile; fileRef = EBF5052B1D421B7B00DE267F /* STHeiti-Medium.ttc */; };
/* End PBXBuildFile section */

/* Begin PBXContainerItemProxy section */
		EBEE81AA1D3471C200469462 /* PBXContainerItemProxy */ = {
			isa = PBXContainerItemProxy;
			containerPortal = EBEE81881D3471C100469462 /* Project object */;
			proxyType = 1;
			remoteGlobalIDString = EBEE818F1D3471C100469462;
			remoteInfo = YTZG;
		};
		EBEE81B51D3471C200469462 /* PBXContainerItemProxy */ = {
			isa = PBXContainerItemProxy;
			containerPortal = EBEE81881D3471C100469462 /* Project object */;
			proxyType = 1;
			remoteGlobalIDString = EBEE818F1D3471C100469462;
			remoteInfo = YTZG;
		};
/* End PBXContainerItemProxy section */

/* Begin PBXCopyFilesBuildPhase section */
		EBEE81E51D347DD200469462 /* Embed Frameworks */ = {
			isa = PBXCopyFilesBuildPhase;
			buildActionMask = 2147483647;
			dstPath = "";
			dstSubfolderSpec = 10;
			files = (
			);
			name = "Embed Frameworks";
			runOnlyForDeploymentPostprocessing = 0;
		};
/* End PBXCopyFilesBuildPhase section */

/* Begin PBXFileReference section */
		EB1C56211D4056C50004AB2F /* YQXXViewController.h */ = {isa = PBXFileReference; fileEncoding = 4; lastKnownFileType = sourcecode.c.h; path = YQXXViewController.h; sourceTree = "<group>"; };
		EB1C56221D4056C50004AB2F /* YQXXViewController.m */ = {isa = PBXFileReference; fileEncoding = 4; lastKnownFileType = sourcecode.c.objc; path = YQXXViewController.m; sourceTree = "<group>"; };
		EB1C56241D40594C0004AB2F /* search-icon.png */ = {isa = PBXFileReference; lastKnownFileType = image.png; path = "search-icon.png"; sourceTree = "<group>"; };
		EB1C56271D409B950004AB2F /* YLViewController.h */ = {isa = PBXFileReference; fileEncoding = 4; lastKnownFileType = sourcecode.c.h; path = YLViewController.h; sourceTree = "<group>"; };
		EB1C56281D409B950004AB2F /* YLViewController.m */ = {isa = PBXFileReference; fileEncoding = 4; lastKnownFileType = sourcecode.c.objc; path = YLViewController.m; sourceTree = "<group>"; };
		EB1C562A1D40A44E0004AB2F /* SQXXViewController.h */ = {isa = PBXFileReference; fileEncoding = 4; lastKnownFileType = sourcecode.c.h; path = SQXXViewController.h; sourceTree = "<group>"; };
		EB1C562B1D40A44E0004AB2F /* SQXXViewController.m */ = {isa = PBXFileReference; fileEncoding = 4; lastKnownFileType = sourcecode.c.objc; path = SQXXViewController.m; sourceTree = "<group>"; };
		EB1C562E1D40C1AD0004AB2F /* SW_ViewController.h */ = {isa = PBXFileReference; fileEncoding = 4; lastKnownFileType = sourcecode.c.h; path = SW_ViewController.h; sourceTree = "<group>"; };
		EB1C562F1D40C1AD0004AB2F /* SW_ViewController.m */ = {isa = PBXFileReference; fileEncoding = 4; lastKnownFileType = sourcecode.c.objc; path = SW_ViewController.m; sourceTree = "<group>"; };
		EB3184161D45A32900B246BB /* XQWorkViewController.h */ = {isa = PBXFileReference; fileEncoding = 4; lastKnownFileType = sourcecode.c.h; path = XQWorkViewController.h; sourceTree = "<group>"; };
		EB3184171D45A32900B246BB /* XQWorkViewController.m */ = {isa = PBXFileReference; fileEncoding = 4; lastKnownFileType = sourcecode.c.objc; path = XQWorkViewController.m; sourceTree = "<group>"; };
		EB4EC5B71D3BB00A00E24D1E /* BTView.h */ = {isa = PBXFileReference; fileEncoding = 4; lastKnownFileType = sourcecode.c.h; path = BTView.h; sourceTree = "<group>"; };
		EB4EC5B81D3BB00A00E24D1E /* BTView.m */ = {isa = PBXFileReference; fileEncoding = 4; lastKnownFileType = sourcecode.c.objc; path = BTView.m; sourceTree = "<group>"; };
		EB4EC5BA1D3BB23400E24D1E /* MainViewController.h */ = {isa = PBXFileReference; fileEncoding = 4; lastKnownFileType = sourcecode.c.h; path = MainViewController.h; sourceTree = "<group>"; };
		EB4EC5BB1D3BB23400E24D1E /* MainViewController.m */ = {isa = PBXFileReference; fileEncoding = 4; lastKnownFileType = sourcecode.c.objc; path = MainViewController.m; sourceTree = "<group>"; };
		EB691F531D4B421E0004732B /* PopoverView.h */ = {isa = PBXFileReference; fileEncoding = 4; lastKnownFileType = sourcecode.c.h; path = PopoverView.h; sourceTree = "<group>"; };
		EB691F541D4B421E0004732B /* PopoverView.m */ = {isa = PBXFileReference; fileEncoding = 4; lastKnownFileType = sourcecode.c.objc; path = PopoverView.m; sourceTree = "<group>"; };
		EB691F551D4B421E0004732B /* PopoverView_Configuration.h */ = {isa = PBXFileReference; fileEncoding = 4; lastKnownFileType = sourcecode.c.h; path = PopoverView_Configuration.h; sourceTree = "<group>"; };
		EB691F561D4B421E0004732B /* PopoverViewCompatibility.h */ = {isa = PBXFileReference; fileEncoding = 4; lastKnownFileType = sourcecode.c.h; path = PopoverViewCompatibility.h; sourceTree = "<group>"; };
		EB691F571D4B421E0004732B /* SHLineGraphView.h */ = {isa = PBXFileReference; fileEncoding = 4; lastKnownFileType = sourcecode.c.h; path = SHLineGraphView.h; sourceTree = "<group>"; };
		EB691F581D4B421E0004732B /* SHLineGraphView.m */ = {isa = PBXFileReference; fileEncoding = 4; lastKnownFileType = sourcecode.c.objc; path = SHLineGraphView.m; sourceTree = "<group>"; };
		EB691F591D4B421E0004732B /* SHPlot.h */ = {isa = PBXFileReference; fileEncoding = 4; lastKnownFileType = sourcecode.c.h; path = SHPlot.h; sourceTree = "<group>"; };
		EB691F5A1D4B421E0004732B /* SHPlot.m */ = {isa = PBXFileReference; fileEncoding = 4; lastKnownFileType = sourcecode.c.objc; path = SHPlot.m; sourceTree = "<group>"; };
		EBA0ECCD1D38C6A7006C8730 /* 1.png */ = {isa = PBXFileReference; lastKnownFileType = image.png; path = 1.png; sourceTree = "<group>"; };
		EBA0ECCE1D38C6A7006C8730 /* 10.png */ = {isa = PBXFileReference; lastKnownFileType = image.png; path = 10.png; sourceTree = "<group>"; };
		EBA0ECCF1D38C6A7006C8730 /* 11.png */ = {isa = PBXFileReference; lastKnownFileType = image.png; path = 11.png; sourceTree = "<group>"; };
		EBA0ECD01D38C6A7006C8730 /* 12.png */ = {isa = PBXFileReference; lastKnownFileType = image.png; path = 12.png; sourceTree = "<group>"; };
		EBA0ECD11D38C6A7006C8730 /* 2.png */ = {isa = PBXFileReference; lastKnownFileType = image.png; path = 2.png; sourceTree = "<group>"; };
		EBA0ECD21D38C6A7006C8730 /* 3.png */ = {isa = PBXFileReference; lastKnownFileType = image.png; path = 3.png; sourceTree = "<group>"; };
		EBA0ECD31D38C6A7006C8730 /* 4.png */ = {isa = PBXFileReference; lastKnownFileType = image.png; path = 4.png; sourceTree = "<group>"; };
		EBA0ECD41D38C6A7006C8730 /* 5.png */ = {isa = PBXFileReference; lastKnownFileType = image.png; path = 5.png; sourceTree = "<group>"; };
		EBA0ECD51D38C6A7006C8730 /* 6.png */ = {isa = PBXFileReference; lastKnownFileType = image.png; path = 6.png; sourceTree = "<group>"; };
		EBA0ECD61D38C6A7006C8730 /* 7.png */ = {isa = PBXFileReference; lastKnownFileType = image.png; path = 7.png; sourceTree = "<group>"; };
		EBA0ECD71D38C6A7006C8730 /* 8.png */ = {isa = PBXFileReference; lastKnownFileType = image.png; path = 8.png; sourceTree = "<group>"; };
		EBA0ECD81D38C6A7006C8730 /* 9.png */ = {isa = PBXFileReference; lastKnownFileType = image.png; path = 9.png; sourceTree = "<group>"; };
		EBC1417B1D3F531E00A20701 /* XQ_XQViewController.h */ = {isa = PBXFileReference; fileEncoding = 4; lastKnownFileType = sourcecode.c.h; path = XQ_XQViewController.h; sourceTree = "<group>"; };
		EBC1417C1D3F531F00A20701 /* XQ_XQViewController.m */ = {isa = PBXFileReference; fileEncoding = 4; lastKnownFileType = sourcecode.c.objc; path = XQ_XQViewController.m; sourceTree = "<group>"; };
		EBC1417E1D3F597F00A20701 /* SetViewController.h */ = {isa = PBXFileReference; fileEncoding = 4; lastKnownFileType = sourcecode.c.h; path = SetViewController.h; sourceTree = "<group>"; };
		EBC1417F1D3F597F00A20701 /* SetViewController.m */ = {isa = PBXFileReference; fileEncoding = 4; lastKnownFileType = sourcecode.c.objc; path = SetViewController.m; sourceTree = "<group>"; };
		EBC141811D3F771600A20701 /* WorkViewController.h */ = {isa = PBXFileReference; fileEncoding = 4; lastKnownFileType = sourcecode.c.h; path = WorkViewController.h; sourceTree = "<group>"; };
		EBC141821D3F771600A20701 /* WorkViewController.m */ = {isa = PBXFileReference; fileEncoding = 4; lastKnownFileType = sourcecode.c.objc; path = WorkViewController.m; sourceTree = "<group>"; };
		EBC141841D3F7A5F00A20701 /* FXJZViewController.h */ = {isa = PBXFileReference; fileEncoding = 4; lastKnownFileType = sourcecode.c.h; path = FXJZViewController.h; sourceTree = "<group>"; };
		EBC141851D3F7A5F00A20701 /* FXJZViewController.m */ = {isa = PBXFileReference; fileEncoding = 4; lastKnownFileType = sourcecode.c.objc; path = FXJZViewController.m; sourceTree = "<group>"; };
		EBC262861D47571D007A6F9C /* DateNowString.h */ = {isa = PBXFileReference; fileEncoding = 4; lastKnownFileType = sourcecode.c.h; path = DateNowString.h; sourceTree = "<group>"; };
		EBC262871D47571D007A6F9C /* DateNowString.m */ = {isa = PBXFileReference; fileEncoding = 4; lastKnownFileType = sourcecode.c.objc; path = DateNowString.m; sourceTree = "<group>"; };
		EBC5BC621D3DF5FE00A3E55A /* QuartzCore.framework */ = {isa = PBXFileReference; lastKnownFileType = wrapper.framework; name = QuartzCore.framework; path = System/Library/Frameworks/QuartzCore.framework; sourceTree = SDKROOT; };
		EBC5BC641D3DF61100A3E55A /* Foundation.framework */ = {isa = PBXFileReference; lastKnownFileType = wrapper.framework; name = Foundation.framework; path = System/Library/Frameworks/Foundation.framework; sourceTree = SDKROOT; };
		EBC5BC661D3DF62400A3E55A /* UIKit.framework */ = {isa = PBXFileReference; lastKnownFileType = wrapper.framework; name = UIKit.framework; path = System/Library/Frameworks/UIKit.framework; sourceTree = SDKROOT; };
		EBC5BC681D3DF63F00A3E55A /* CoreGraphics.framework */ = {isa = PBXFileReference; lastKnownFileType = wrapper.framework; name = CoreGraphics.framework; path = System/Library/Frameworks/CoreGraphics.framework; sourceTree = SDKROOT; };
		EBC5BC6A1D3E034100A3E55A /* DQXQController.h */ = {isa = PBXFileReference; fileEncoding = 4; lastKnownFileType = sourcecode.c.h; path = DQXQController.h; sourceTree = "<group>"; };
		EBC5BC6B1D3E034100A3E55A /* DQXQController.m */ = {isa = PBXFileReference; fileEncoding = 4; lastKnownFileType = sourcecode.c.objc; path = DQXQController.m; sourceTree = "<group>"; };
		EBC5BC721D3E197100A3E55A /* nav_back.png */ = {isa = PBXFileReference; lastKnownFileType = image.png; path = nav_back.png; sourceTree = "<group>"; };
		EBDB48F91D5026E10029FEE8 /* drop4.png */ = {isa = PBXFileReference; lastKnownFileType = image.png; path = drop4.png; sourceTree = "<group>"; };
		EBDB48FF1D5072E30029FEE8 /* zxLIneView.h */ = {isa = PBXFileReference; fileEncoding = 4; lastKnownFileType = sourcecode.c.h; path = zxLIneView.h; sourceTree = "<group>"; };
		EBDB49001D5072E30029FEE8 /* zxLIneView.m */ = {isa = PBXFileReference; fileEncoding = 4; lastKnownFileType = sourcecode.c.objc; path = zxLIneView.m; sourceTree = "<group>"; };
		EBE25A391D45AAF40078A073 /* XQWAreaViewController.h */ = {isa = PBXFileReference; fileEncoding = 4; lastKnownFileType = sourcecode.c.h; path = XQWAreaViewController.h; sourceTree = "<group>"; };
		EBE25A3A1D45AAF40078A073 /* XQWAreaViewController.m */ = {isa = PBXFileReference; fileEncoding = 4; lastKnownFileType = sourcecode.c.objc; path = XQWAreaViewController.m; sourceTree = "<group>"; };
		EBE25A3C1D45BB810078A073 /* XQFJViewController.h */ = {isa = PBXFileReference; fileEncoding = 4; lastKnownFileType = sourcecode.c.h; path = XQFJViewController.h; sourceTree = "<group>"; };
		EBE25A3D1D45BB810078A073 /* XQFJViewController.m */ = {isa = PBXFileReference; fileEncoding = 4; lastKnownFileType = sourcecode.c.objc; path = XQFJViewController.m; sourceTree = "<group>"; };
		EBE25A3F1D45C6C50078A073 /* SXFJViewController.h */ = {isa = PBXFileReference; fileEncoding = 4; lastKnownFileType = sourcecode.c.h; path = SXFJViewController.h; sourceTree = "<group>"; };
		EBE25A401D45C6C50078A073 /* SXFJViewController.m */ = {isa = PBXFileReference; fileEncoding = 4; lastKnownFileType = sourcecode.c.objc; path = SXFJViewController.m; sourceTree = "<group>"; };
		EBE25A441D45DFE60078A073 /* pinyin.c */ = {isa = PBXFileReference; fileEncoding = 4; lastKnownFileType = sourcecode.c.c; path = pinyin.c; sourceTree = "<group>"; };
		EBE25A451D45DFE60078A073 /* pinyin.h */ = {isa = PBXFileReference; fileEncoding = 4; lastKnownFileType = sourcecode.c.h; path = pinyin.h; sourceTree = "<group>"; };
		EBE25A471D45E5510078A073 /* ChineseString.h */ = {isa = PBXFileReference; fileEncoding = 4; lastKnownFileType = sourcecode.c.h; path = ChineseString.h; sourceTree = "<group>"; };
		EBE25A481D45E5510078A073 /* ChineseString.m */ = {isa = PBXFileReference; fileEncoding = 4; lastKnownFileType = sourcecode.c.objc; path = ChineseString.m; sourceTree = "<group>"; };
		EBE299101D4F488E006A45CC /* NSString+Zirkfied.h */ = {isa = PBXFileReference; fileEncoding = 4; lastKnownFileType = sourcecode.c.h; path = "NSString+Zirkfied.h"; sourceTree = "<group>"; };
		EBE299111D4F488E006A45CC /* NSString+Zirkfied.m */ = {isa = PBXFileReference; fileEncoding = 4; lastKnownFileType = sourcecode.c.objc; path = "NSString+Zirkfied.m"; sourceTree = "<group>"; };
		EBE299121D4F488E006A45CC /* UIColor+Zirkfied.h */ = {isa = PBXFileReference; fileEncoding = 4; lastKnownFileType = sourcecode.c.h; path = "UIColor+Zirkfied.h"; sourceTree = "<group>"; };
		EBE299131D4F488E006A45CC /* UIColor+Zirkfied.m */ = {isa = PBXFileReference; fileEncoding = 4; lastKnownFileType = sourcecode.c.objc; path = "UIColor+Zirkfied.m"; sourceTree = "<group>"; };
		EBE299141D4F488E006A45CC /* UIView+Zirkfied.h */ = {isa = PBXFileReference; fileEncoding = 4; lastKnownFileType = sourcecode.c.h; path = "UIView+Zirkfied.h"; sourceTree = "<group>"; };
		EBE299151D4F488E006A45CC /* UIView+Zirkfied.m */ = {isa = PBXFileReference; fileEncoding = 4; lastKnownFileType = sourcecode.c.objc; path = "UIView+Zirkfied.m"; sourceTree = "<group>"; };
		EBE299171D4F488E006A45CC /* ZFChart.h */ = {isa = PBXFileReference; fileEncoding = 4; lastKnownFileType = sourcecode.c.h; path = ZFChart.h; sourceTree = "<group>"; };
		EBE299181D4F488E006A45CC /* ZFColor.h */ = {isa = PBXFileReference; fileEncoding = 4; lastKnownFileType = sourcecode.c.h; path = ZFColor.h; sourceTree = "<group>"; };
		EBE299191D4F488E006A45CC /* ZFConst.h */ = {isa = PBXFileReference; fileEncoding = 4; lastKnownFileType = sourcecode.c.h; path = ZFConst.h; sourceTree = "<group>"; };
		EBE2991A1D4F488E006A45CC /* ZFConst.m */ = {isa = PBXFileReference; fileEncoding = 4; lastKnownFileType = sourcecode.c.objc; path = ZFConst.m; sourceTree = "<group>"; };
		EBE2991C1D4F488E006A45CC /* ZFBar.h */ = {isa = PBXFileReference; fileEncoding = 4; lastKnownFileType = sourcecode.c.h; path = ZFBar.h; sourceTree = "<group>"; };
		EBE2991D1D4F488E006A45CC /* ZFBar.m */ = {isa = PBXFileReference; fileEncoding = 4; lastKnownFileType = sourcecode.c.objc; path = ZFBar.m; sourceTree = "<group>"; };
		EBE2991E1D4F488E006A45CC /* ZFBarChart.h */ = {isa = PBXFileReference; fileEncoding = 4; lastKnownFileType = sourcecode.c.h; path = ZFBarChart.h; sourceTree = "<group>"; };
		EBE2991F1D4F488E006A45CC /* ZFBarChart.m */ = {isa = PBXFileReference; fileEncoding = 4; lastKnownFileType = sourcecode.c.objc; path = ZFBarChart.m; sourceTree = "<group>"; };
		EBE299211D4F488E006A45CC /* ZFAxisLine.h */ = {isa = PBXFileReference; fileEncoding = 4; lastKnownFileType = sourcecode.c.h; path = ZFAxisLine.h; sourceTree = "<group>"; };
		EBE299221D4F488E006A45CC /* ZFAxisLine.m */ = {isa = PBXFileReference; fileEncoding = 4; lastKnownFileType = sourcecode.c.objc; path = ZFAxisLine.m; sourceTree = "<group>"; };
		EBE299231D4F488E006A45CC /* ZFGenericChart.h */ = {isa = PBXFileReference; fileEncoding = 4; lastKnownFileType = sourcecode.c.h; path = ZFGenericChart.h; sourceTree = "<group>"; };
		EBE299241D4F488E006A45CC /* ZFGenericChart.m */ = {isa = PBXFileReference; fileEncoding = 4; lastKnownFileType = sourcecode.c.objc; path = ZFGenericChart.m; sourceTree = "<group>"; };
		EBE299251D4F488E006A45CC /* ZFLabel.h */ = {isa = PBXFileReference; fileEncoding = 4; lastKnownFileType = sourcecode.c.h; path = ZFLabel.h; sourceTree = "<group>"; };
		EBE299261D4F488E006A45CC /* ZFLabel.m */ = {isa = PBXFileReference; fileEncoding = 4; lastKnownFileType = sourcecode.c.objc; path = ZFLabel.m; sourceTree = "<group>"; };
		EBE299281D4F488E006A45CC /* ZFCirque.h */ = {isa = PBXFileReference; fileEncoding = 4; lastKnownFileType = sourcecode.c.h; path = ZFCirque.h; sourceTree = "<group>"; };
		EBE299291D4F488E006A45CC /* ZFCirque.m */ = {isa = PBXFileReference; fileEncoding = 4; lastKnownFileType = sourcecode.c.objc; path = ZFCirque.m; sourceTree = "<group>"; };
		EBE2992A1D4F488F006A45CC /* ZFLine.h */ = {isa = PBXFileReference; fileEncoding = 4; lastKnownFileType = sourcecode.c.h; path = ZFLine.h; sourceTree = "<group>"; };
		EBE2992B1D4F488F006A45CC /* ZFLine.m */ = {isa = PBXFileReference; fileEncoding = 4; lastKnownFileType = sourcecode.c.objc; path = ZFLine.m; sourceTree = "<group>"; };
		EBE2992C1D4F488F006A45CC /* ZFLineChart.h */ = {isa = PBXFileReference; fileEncoding = 4; lastKnownFileType = sourcecode.c.h; path = ZFLineChart.h; sourceTree = "<group>"; };
		EBE2992D1D4F488F006A45CC /* ZFLineChart.m */ = {isa = PBXFileReference; fileEncoding = 4; lastKnownFileType = sourcecode.c.objc; path = ZFLineChart.m; sourceTree = "<group>"; };
		EBE2992F1D4F488F006A45CC /* ZFPieChart.h */ = {isa = PBXFileReference; fileEncoding = 4; lastKnownFileType = sourcecode.c.h; path = ZFPieChart.h; sourceTree = "<group>"; };
		EBE299301D4F488F006A45CC /* ZFPieChart.m */ = {isa = PBXFileReference; fileEncoding = 4; lastKnownFileType = sourcecode.c.objc; path = ZFPieChart.m; sourceTree = "<group>"; };
		EBE299311D4F488F006A45CC /* ZFTranslucencePath.h */ = {isa = PBXFileReference; fileEncoding = 4; lastKnownFileType = sourcecode.c.h; path = ZFTranslucencePath.h; sourceTree = "<group>"; };
		EBE299321D4F488F006A45CC /* ZFTranslucencePath.m */ = {isa = PBXFileReference; fileEncoding = 4; lastKnownFileType = sourcecode.c.objc; path = ZFTranslucencePath.m; sourceTree = "<group>"; };
		EBEE81901D3471C100469462 /* YTZG.app */ = {isa = PBXFileReference; explicitFileType = wrapper.application; includeInIndex = 0; path = YTZG.app; sourceTree = BUILT_PRODUCTS_DIR; };
		EBEE81941D3471C100469462 /* main.m */ = {isa = PBXFileReference; lastKnownFileType = sourcecode.c.objc; path = main.m; sourceTree = "<group>"; };
		EBEE81961D3471C100469462 /* AppDelegate.h */ = {isa = PBXFileReference; lastKnownFileType = sourcecode.c.h; path = AppDelegate.h; sourceTree = "<group>"; };
		EBEE81971D3471C100469462 /* AppDelegate.m */ = {isa = PBXFileReference; lastKnownFileType = sourcecode.c.objc; path = AppDelegate.m; sourceTree = "<group>"; };
		EBEE81991D3471C100469462 /* ViewController.h */ = {isa = PBXFileReference; lastKnownFileType = sourcecode.c.h; path = ViewController.h; sourceTree = "<group>"; };
		EBEE819A1D3471C100469462 /* ViewController.m */ = {isa = PBXFileReference; lastKnownFileType = sourcecode.c.objc; path = ViewController.m; sourceTree = "<group>"; };
		EBEE819D1D3471C100469462 /* Base */ = {isa = PBXFileReference; lastKnownFileType = file.storyboard; name = Base; path = Base.lproj/Main.storyboard; sourceTree = "<group>"; };
		EBEE819F1D3471C100469462 /* Assets.xcassets */ = {isa = PBXFileReference; lastKnownFileType = folder.assetcatalog; path = Assets.xcassets; sourceTree = "<group>"; };
		EBEE81A21D3471C100469462 /* Base */ = {isa = PBXFileReference; lastKnownFileType = file.storyboard; name = Base; path = Base.lproj/LaunchScreen.storyboard; sourceTree = "<group>"; };
		EBEE81A41D3471C100469462 /* Info.plist */ = {isa = PBXFileReference; lastKnownFileType = text.plist.xml; path = Info.plist; sourceTree = "<group>"; };
		EBEE81A91D3471C200469462 /* YTZGTests.xctest */ = {isa = PBXFileReference; explicitFileType = wrapper.cfbundle; includeInIndex = 0; path = YTZGTests.xctest; sourceTree = BUILT_PRODUCTS_DIR; };
		EBEE81AD1D3471C200469462 /* YTZGTests.m */ = {isa = PBXFileReference; lastKnownFileType = sourcecode.c.objc; path = YTZGTests.m; sourceTree = "<group>"; };
		EBEE81AF1D3471C200469462 /* Info.plist */ = {isa = PBXFileReference; lastKnownFileType = text.plist.xml; path = Info.plist; sourceTree = "<group>"; };
		EBEE81B41D3471C200469462 /* YTZGUITests.xctest */ = {isa = PBXFileReference; explicitFileType = wrapper.cfbundle; includeInIndex = 0; path = YTZGUITests.xctest; sourceTree = BUILT_PRODUCTS_DIR; };
		EBEE81B81D3471C200469462 /* YTZGUITests.m */ = {isa = PBXFileReference; lastKnownFileType = sourcecode.c.objc; path = YTZGUITests.m; sourceTree = "<group>"; };
		EBEE81BA1D3471C200469462 /* Info.plist */ = {isa = PBXFileReference; lastKnownFileType = text.plist.xml; path = Info.plist; sourceTree = "<group>"; };
		EBEE81ED1D34801700469462 /* AFHTTPSessionManager.h */ = {isa = PBXFileReference; fileEncoding = 4; lastKnownFileType = sourcecode.c.h; path = AFHTTPSessionManager.h; sourceTree = "<group>"; };
		EBEE81EE1D34801700469462 /* AFHTTPSessionManager.m */ = {isa = PBXFileReference; fileEncoding = 4; lastKnownFileType = sourcecode.c.objc; path = AFHTTPSessionManager.m; sourceTree = "<group>"; };
		EBEE81EF1D34801700469462 /* AFNetworking.h */ = {isa = PBXFileReference; fileEncoding = 4; lastKnownFileType = sourcecode.c.h; path = AFNetworking.h; sourceTree = "<group>"; };
		EBEE81F01D34801700469462 /* AFNetworkReachabilityManager.h */ = {isa = PBXFileReference; fileEncoding = 4; lastKnownFileType = sourcecode.c.h; path = AFNetworkReachabilityManager.h; sourceTree = "<group>"; };
		EBEE81F11D34801700469462 /* AFNetworkReachabilityManager.m */ = {isa = PBXFileReference; fileEncoding = 4; lastKnownFileType = sourcecode.c.objc; path = AFNetworkReachabilityManager.m; sourceTree = "<group>"; };
		EBEE81F21D34801700469462 /* AFSecurityPolicy.h */ = {isa = PBXFileReference; fileEncoding = 4; lastKnownFileType = sourcecode.c.h; path = AFSecurityPolicy.h; sourceTree = "<group>"; };
		EBEE81F31D34801700469462 /* AFSecurityPolicy.m */ = {isa = PBXFileReference; fileEncoding = 4; lastKnownFileType = sourcecode.c.objc; path = AFSecurityPolicy.m; sourceTree = "<group>"; };
		EBEE81F41D34801700469462 /* AFURLRequestSerialization.h */ = {isa = PBXFileReference; fileEncoding = 4; lastKnownFileType = sourcecode.c.h; path = AFURLRequestSerialization.h; sourceTree = "<group>"; };
		EBEE81F51D34801700469462 /* AFURLRequestSerialization.m */ = {isa = PBXFileReference; fileEncoding = 4; lastKnownFileType = sourcecode.c.objc; path = AFURLRequestSerialization.m; sourceTree = "<group>"; };
		EBEE81F61D34801700469462 /* AFURLResponseSerialization.h */ = {isa = PBXFileReference; fileEncoding = 4; lastKnownFileType = sourcecode.c.h; path = AFURLResponseSerialization.h; sourceTree = "<group>"; };
		EBEE81F71D34801700469462 /* AFURLResponseSerialization.m */ = {isa = PBXFileReference; fileEncoding = 4; lastKnownFileType = sourcecode.c.objc; path = AFURLResponseSerialization.m; sourceTree = "<group>"; };
		EBEE81F81D34801700469462 /* AFURLSessionManager.h */ = {isa = PBXFileReference; fileEncoding = 4; lastKnownFileType = sourcecode.c.h; path = AFURLSessionManager.h; sourceTree = "<group>"; };
		EBEE81F91D34801700469462 /* AFURLSessionManager.m */ = {isa = PBXFileReference; fileEncoding = 4; lastKnownFileType = sourcecode.c.objc; path = AFURLSessionManager.m; sourceTree = "<group>"; };
		EBEE81FB1D34801700469462 /* AFAutoPurgingImageCache.h */ = {isa = PBXFileReference; fileEncoding = 4; lastKnownFileType = sourcecode.c.h; path = AFAutoPurgingImageCache.h; sourceTree = "<group>"; };
		EBEE81FC1D34801700469462 /* AFAutoPurgingImageCache.m */ = {isa = PBXFileReference; fileEncoding = 4; lastKnownFileType = sourcecode.c.objc; path = AFAutoPurgingImageCache.m; sourceTree = "<group>"; };
		EBEE81FD1D34801700469462 /* AFImageDownloader.h */ = {isa = PBXFileReference; fileEncoding = 4; lastKnownFileType = sourcecode.c.h; path = AFImageDownloader.h; sourceTree = "<group>"; };
		EBEE81FE1D34801700469462 /* AFImageDownloader.m */ = {isa = PBXFileReference; fileEncoding = 4; lastKnownFileType = sourcecode.c.objc; path = AFImageDownloader.m; sourceTree = "<group>"; };
		EBEE81FF1D34801700469462 /* AFNetworkActivityIndicatorManager.h */ = {isa = PBXFileReference; fileEncoding = 4; lastKnownFileType = sourcecode.c.h; path = AFNetworkActivityIndicatorManager.h; sourceTree = "<group>"; };
		EBEE82001D34801700469462 /* AFNetworkActivityIndicatorManager.m */ = {isa = PBXFileReference; fileEncoding = 4; lastKnownFileType = sourcecode.c.objc; path = AFNetworkActivityIndicatorManager.m; sourceTree = "<group>"; };
		EBEE82011D34801700469462 /* UIActivityIndicatorView+AFNetworking.h */ = {isa = PBXFileReference; fileEncoding = 4; lastKnownFileType = sourcecode.c.h; path = "UIActivityIndicatorView+AFNetworking.h"; sourceTree = "<group>"; };
		EBEE82021D34801700469462 /* UIActivityIndicatorView+AFNetworking.m */ = {isa = PBXFileReference; fileEncoding = 4; lastKnownFileType = sourcecode.c.objc; path = "UIActivityIndicatorView+AFNetworking.m"; sourceTree = "<group>"; };
		EBEE82031D34801700469462 /* UIButton+AFNetworking.h */ = {isa = PBXFileReference; fileEncoding = 4; lastKnownFileType = sourcecode.c.h; path = "UIButton+AFNetworking.h"; sourceTree = "<group>"; };
		EBEE82041D34801700469462 /* UIButton+AFNetworking.m */ = {isa = PBXFileReference; fileEncoding = 4; lastKnownFileType = sourcecode.c.objc; path = "UIButton+AFNetworking.m"; sourceTree = "<group>"; };
		EBEE82051D34801700469462 /* UIImage+AFNetworking.h */ = {isa = PBXFileReference; fileEncoding = 4; lastKnownFileType = sourcecode.c.h; path = "UIImage+AFNetworking.h"; sourceTree = "<group>"; };
		EBEE82061D34801700469462 /* UIImageView+AFNetworking.h */ = {isa = PBXFileReference; fileEncoding = 4; lastKnownFileType = sourcecode.c.h; path = "UIImageView+AFNetworking.h"; sourceTree = "<group>"; };
		EBEE82071D34801700469462 /* UIImageView+AFNetworking.m */ = {isa = PBXFileReference; fileEncoding = 4; lastKnownFileType = sourcecode.c.objc; path = "UIImageView+AFNetworking.m"; sourceTree = "<group>"; };
		EBEE82081D34801700469462 /* UIKit+AFNetworking.h */ = {isa = PBXFileReference; fileEncoding = 4; lastKnownFileType = sourcecode.c.h; path = "UIKit+AFNetworking.h"; sourceTree = "<group>"; };
		EBEE82091D34801700469462 /* UIProgressView+AFNetworking.h */ = {isa = PBXFileReference; fileEncoding = 4; lastKnownFileType = sourcecode.c.h; path = "UIProgressView+AFNetworking.h"; sourceTree = "<group>"; };
		EBEE820A1D34801700469462 /* UIProgressView+AFNetworking.m */ = {isa = PBXFileReference; fileEncoding = 4; lastKnownFileType = sourcecode.c.objc; path = "UIProgressView+AFNetworking.m"; sourceTree = "<group>"; };
		EBEE820B1D34801700469462 /* UIRefreshControl+AFNetworking.h */ = {isa = PBXFileReference; fileEncoding = 4; lastKnownFileType = sourcecode.c.h; path = "UIRefreshControl+AFNetworking.h"; sourceTree = "<group>"; };
		EBEE820C1D34801700469462 /* UIRefreshControl+AFNetworking.m */ = {isa = PBXFileReference; fileEncoding = 4; lastKnownFileType = sourcecode.c.objc; path = "UIRefreshControl+AFNetworking.m"; sourceTree = "<group>"; };
		EBEE820D1D34801700469462 /* UIWebView+AFNetworking.h */ = {isa = PBXFileReference; fileEncoding = 4; lastKnownFileType = sourcecode.c.h; path = "UIWebView+AFNetworking.h"; sourceTree = "<group>"; };
		EBEE820E1D34801700469462 /* UIWebView+AFNetworking.m */ = {isa = PBXFileReference; fileEncoding = 4; lastKnownFileType = sourcecode.c.objc; path = "UIWebView+AFNetworking.m"; sourceTree = "<group>"; };
		EBEF38B71D41A38700CA3A58 /* QXGTViewController.h */ = {isa = PBXFileReference; fileEncoding = 4; lastKnownFileType = sourcecode.c.h; path = QXGTViewController.h; sourceTree = "<group>"; };
		EBEF38B81D41A38700CA3A58 /* QXGTViewController.m */ = {isa = PBXFileReference; fileEncoding = 4; lastKnownFileType = sourcecode.c.objc; path = QXGTViewController.m; sourceTree = "<group>"; };
		EBEF38BA1D41A6EF00CA3A58 /* TXLViewController.h */ = {isa = PBXFileReference; fileEncoding = 4; lastKnownFileType = sourcecode.c.h; path = TXLViewController.h; sourceTree = "<group>"; };
		EBEF38BB1D41A6EF00CA3A58 /* TXLViewController.m */ = {isa = PBXFileReference; fileEncoding = 4; lastKnownFileType = sourcecode.c.objc; path = TXLViewController.m; sourceTree = "<group>"; };
		EBEF38BF1D41AC6600CA3A58 /* XQX_ViewController.h */ = {isa = PBXFileReference; fileEncoding = 4; lastKnownFileType = sourcecode.c.h; path = XQX_ViewController.h; sourceTree = "<group>"; };
		EBEF38C01D41AC6600CA3A58 /* XQX_ViewController.m */ = {isa = PBXFileReference; fileEncoding = 4; lastKnownFileType = sourcecode.c.objc; path = XQX_ViewController.m; sourceTree = "<group>"; };
		EBEF38C31D41B31B00CA3A58 /* LINKViewController.h */ = {isa = PBXFileReference; fileEncoding = 4; lastKnownFileType = sourcecode.c.h; path = LINKViewController.h; sourceTree = "<group>"; };
		EBEF38C41D41B31B00CA3A58 /* LINKViewController.m */ = {isa = PBXFileReference; fileEncoding = 4; lastKnownFileType = sourcecode.c.objc; path = LINKViewController.m; sourceTree = "<group>"; };
		EBEF38C61D41B7A400CA3A58 /* FXYAViewController.h */ = {isa = PBXFileReference; fileEncoding = 4; lastKnownFileType = sourcecode.c.h; path = FXYAViewController.h; sourceTree = "<group>"; };
		EBEF38C71D41B7A400CA3A58 /* FXYAViewController.m */ = {isa = PBXFileReference; fileEncoding = 4; lastKnownFileType = sourcecode.c.objc; path = FXYAViewController.m; sourceTree = "<group>"; };
		EBEF38CA1D41B9D000CA3A58 /* YAXQViewController.h */ = {isa = PBXFileReference; fileEncoding = 4; lastKnownFileType = sourcecode.c.h; path = YAXQViewController.h; sourceTree = "<group>"; };
		EBEF38CB1D41B9D000CA3A58 /* YAXQViewController.m */ = {isa = PBXFileReference; fileEncoding = 4; lastKnownFileType = sourcecode.c.objc; path = YAXQViewController.m; sourceTree = "<group>"; };
		EBEF38CD1D41BCC700CA3A58 /* YJDXViewController.h */ = {isa = PBXFileReference; fileEncoding = 4; lastKnownFileType = sourcecode.c.h; path = YJDXViewController.h; sourceTree = "<group>"; };
		EBEF38CE1D41BCC700CA3A58 /* YJDXViewController.m */ = {isa = PBXFileReference; fileEncoding = 4; lastKnownFileType = sourcecode.c.objc; path = YJDXViewController.m; sourceTree = "<group>"; };
		EBEF38D11D41BDCE00CA3A58 /* MANViewController.h */ = {isa = PBXFileReference; fileEncoding = 4; lastKnownFileType = sourcecode.c.h; path = MANViewController.h; sourceTree = "<group>"; };
		EBEF38D21D41BDCE00CA3A58 /* MANViewController.m */ = {isa = PBXFileReference; fileEncoding = 4; lastKnownFileType = sourcecode.c.objc; path = MANViewController.m; sourceTree = "<group>"; };
		EBF5052A1D421B7B00DE267F /* STHeiti-Light.ttc */ = {isa = PBXFileReference; lastKnownFileType = file; path = "STHeiti-Light.ttc"; sourceTree = "<group>"; };
		EBF5052B1D421B7B00DE267F /* STHeiti-Medium.ttc */ = {isa = PBXFileReference; lastKnownFileType = file; path = "STHeiti-Medium.ttc"; sourceTree = "<group>"; };
/* End PBXFileReference section */

/* Begin PBXFrameworksBuildPhase section */
		EBEE818D1D3471C100469462 /* Frameworks */ = {
			isa = PBXFrameworksBuildPhase;
			buildActionMask = 2147483647;
			files = (
				EBC5BC691D3DF63F00A3E55A /* CoreGraphics.framework in Frameworks */,
				EBC5BC671D3DF62400A3E55A /* UIKit.framework in Frameworks */,
				EBC5BC651D3DF61100A3E55A /* Foundation.framework in Frameworks */,
				EBC5BC631D3DF5FE00A3E55A /* QuartzCore.framework in Frameworks */,
			);
			runOnlyForDeploymentPostprocessing = 0;
		};
		EBEE81A61D3471C200469462 /* Frameworks */ = {
			isa = PBXFrameworksBuildPhase;
			buildActionMask = 2147483647;
			files = (
			);
			runOnlyForDeploymentPostprocessing = 0;
		};
		EBEE81B11D3471C200469462 /* Frameworks */ = {
			isa = PBXFrameworksBuildPhase;
			buildActionMask = 2147483647;
			files = (
			);
			runOnlyForDeploymentPostprocessing = 0;
		};
/* End PBXFrameworksBuildPhase section */

/* Begin PBXGroup section */
		EB1C56261D409B4C0004AB2F /* 雨量柱状图 */ = {
			isa = PBXGroup;
			children = (
				EB1C56271D409B950004AB2F /* YLViewController.h */,
				EB1C56281D409B950004AB2F /* YLViewController.m */,
				EBE2990D1D4F485B006A45CC /* 柱状图 */,
			);
			name = "雨量柱状图";
			sourceTree = "<group>";
		};
		EB1C562D1D40C1880004AB2F /* 水位折线图 */ = {
			isa = PBXGroup;
			children = (
				EB1C562E1D40C1AD0004AB2F /* SW_ViewController.h */,
				EB1C562F1D40C1AD0004AB2F /* SW_ViewController.m */,
				EB691F511D4B41F80004732B /* 折线图 */,
			);
			name = "水位折线图";
			sourceTree = "<group>";
		};
		EB691F511D4B41F80004732B /* 折线图 */ = {
			isa = PBXGroup;
			children = (
				EBDB48FB1D5070730029FEE8 /* 自定义折线图 */,
				EB691F521D4B421E0004732B /* SHLineGraphView */,
			);
			name = "折线图";
			sourceTree = "<group>";
		};
		EB691F521D4B421E0004732B /* SHLineGraphView */ = {
			isa = PBXGroup;
			children = (
				EB691F531D4B421E0004732B /* PopoverView.h */,
				EB691F541D4B421E0004732B /* PopoverView.m */,
				EB691F551D4B421E0004732B /* PopoverView_Configuration.h */,
				EB691F561D4B421E0004732B /* PopoverViewCompatibility.h */,
				EB691F571D4B421E0004732B /* SHLineGraphView.h */,
				EB691F581D4B421E0004732B /* SHLineGraphView.m */,
				EB691F591D4B421E0004732B /* SHPlot.h */,
				EB691F5A1D4B421E0004732B /* SHPlot.m */,
			);
			path = SHLineGraphView;
			sourceTree = "<group>";
		};
		EBA0ECAD1D38BF99006C8730 /* 登陆界面 */ = {
			isa = PBXGroup;
			children = (
				EBEE81991D3471C100469462 /* ViewController.h */,
				EBEE819A1D3471C100469462 /* ViewController.m */,
			);
			name = "登陆界面";
			sourceTree = "<group>";
		};
		EBA0ECB71D38C0AB006C8730 /* 主界面 */ = {
			isa = PBXGroup;
			children = (
				EBC1416B1D3F124E00A20701 /* cell控件 */,
				EBE866A71D3CB75300D84FC9 /* 主界面 */,
				EBA0ECC31D38C0EF006C8730 /* 当前汛情 */,
				EBA0ECC21D38C0EA006C8730 /* 雨情信息 */,
				EBA0ECC11D38C0E5006C8730 /* 水情信息 */,
				EBA0ECC01D38C0E1006C8730 /* 工作信息 */,
				EBA0ECBF1D38C0DC006C8730 /* 台风路径 */,
				EBA0ECBE1D38C0D8006C8730 /* 防汛救灾 */,
				EBA0ECBD1D38C0D1006C8730 /* 气象国土 */,
				EBA0ECBC1D38C0CD006C8730 /* GIS应用 */,
				EBA0ECBB1D38C0C7006C8730 /* 通讯录 */,
				EBA0ECBA1D38C0C3006C8730 /* 防汛预案 */,
				EBA0ECB91D38C0BE006C8730 /* 预警短信 */,
				EBA0ECB81D38C0B9006C8730 /* 设置 */,
			);
			name = "主界面";
			sourceTree = "<group>";
		};
		EBA0ECB81D38C0B9006C8730 /* 设置 */ = {
			isa = PBXGroup;
			children = (
				EBC1417E1D3F597F00A20701 /* SetViewController.h */,
				EBC1417F1D3F597F00A20701 /* SetViewController.m */,
			);
			name = "设置";
			sourceTree = "<group>";
		};
		EBA0ECB91D38C0BE006C8730 /* 预警短信 */ = {
			isa = PBXGroup;
			children = (
				EBEF38CD1D41BCC700CA3A58 /* YJDXViewController.h */,
				EBEF38CE1D41BCC700CA3A58 /* YJDXViewController.m */,
				EBEF38D01D41BDAD00CA3A58 /* 人员确定 */,
			);
			name = "预警短信";
			sourceTree = "<group>";
		};
		EBA0ECBA1D38C0C3006C8730 /* 防汛预案 */ = {
			isa = PBXGroup;
			children = (
				EBEF38C61D41B7A400CA3A58 /* FXYAViewController.h */,
				EBEF38C71D41B7A400CA3A58 /* FXYAViewController.m */,
				EBEF38C91D41B99D00CA3A58 /* 预案详情阅读 */,
			);
			name = "防汛预案";
			sourceTree = "<group>";
		};
		EBA0ECBB1D38C0C7006C8730 /* 通讯录 */ = {
			isa = PBXGroup;
			children = (
				EBEF38BA1D41A6EF00CA3A58 /* TXLViewController.h */,
				EBEF38BB1D41A6EF00CA3A58 /* TXLViewController.m */,
				EBEF38BE1D41AC3200CA3A58 /* 县下边的区 */,
			);
			name = "通讯录";
			sourceTree = "<group>";
		};
		EBA0ECBC1D38C0CD006C8730 /* GIS应用 */ = {
			isa = PBXGroup;
			children = (
			);
			name = "GIS应用";
			sourceTree = "<group>";
		};
		EBA0ECBD1D38C0D1006C8730 /* 气象国土 */ = {
			isa = PBXGroup;
			children = (
				EBEF38B71D41A38700CA3A58 /* QXGTViewController.h */,
				EBEF38B81D41A38700CA3A58 /* QXGTViewController.m */,
			);
			name = "气象国土";
			sourceTree = "<group>";
		};
		EBA0ECBE1D38C0D8006C8730 /* 防汛救灾 */ = {
			isa = PBXGroup;
			children = (
				EBC141841D3F7A5F00A20701 /* FXJZViewController.h */,
				EBC141851D3F7A5F00A20701 /* FXJZViewController.m */,
				EBE25A3C1D45BB810078A073 /* XQFJViewController.h */,
				EBE25A3D1D45BB810078A073 /* XQFJViewController.m */,
				EBE25A3F1D45C6C50078A073 /* SXFJViewController.h */,
				EBE25A401D45C6C50078A073 /* SXFJViewController.m */,
			);
			name = "防汛救灾";
			sourceTree = "<group>";
		};
		EBA0ECBF1D38C0DC006C8730 /* 台风路径 */ = {
			isa = PBXGroup;
			children = (
			);
			name = "台风路径";
			sourceTree = "<group>";
		};
		EBA0ECC01D38C0E1006C8730 /* 工作信息 */ = {
			isa = PBXGroup;
			children = (
				EBC141811D3F771600A20701 /* WorkViewController.h */,
				EBC141821D3F771600A20701 /* WorkViewController.m */,
				EB3184161D45A32900B246BB /* XQWorkViewController.h */,
				EB3184171D45A32900B246BB /* XQWorkViewController.m */,
				EBE25A391D45AAF40078A073 /* XQWAreaViewController.h */,
				EBE25A3A1D45AAF40078A073 /* XQWAreaViewController.m */,
			);
			name = "工作信息";
			sourceTree = "<group>";
		};
		EBA0ECC11D38C0E5006C8730 /* 水情信息 */ = {
			isa = PBXGroup;
			children = (
				EB1C562A1D40A44E0004AB2F /* SQXXViewController.h */,
				EB1C562B1D40A44E0004AB2F /* SQXXViewController.m */,
				EB1C562D1D40C1880004AB2F /* 水位折线图 */,
			);
			name = "水情信息";
			sourceTree = "<group>";
		};
		EBA0ECC21D38C0EA006C8730 /* 雨情信息 */ = {
			isa = PBXGroup;
			children = (
				EB1C56211D4056C50004AB2F /* YQXXViewController.h */,
				EB1C56221D4056C50004AB2F /* YQXXViewController.m */,
				EB1C56261D409B4C0004AB2F /* 雨量柱状图 */,
			);
			name = "雨情信息";
			sourceTree = "<group>";
		};
		EBA0ECC31D38C0EF006C8730 /* 当前汛情 */ = {
			isa = PBXGroup;
			children = (
				EBC141781D3F218E00A20701 /* 概要 */,
				EBC141791D3F21A200A20701 /* 详情 */,
			);
			name = "当前汛情";
			sourceTree = "<group>";
		};
		EBA0ECCB1D38C681006C8730 /* 图片 */ = {
			isa = PBXGroup;
			children = (
				EBC5BC711D3E110500A3E55A /* 图标 */,
				EBA0ECCC1D38C6A7006C8730 /* 图标png */,
			);
			name = "图片";
			sourceTree = "<group>";
		};
		EBA0ECCC1D38C6A7006C8730 /* 图标png */ = {
			isa = PBXGroup;
			children = (
				EBA0ECCD1D38C6A7006C8730 /* 1.png */,
				EBA0ECCE1D38C6A7006C8730 /* 10.png */,
				EBA0ECCF1D38C6A7006C8730 /* 11.png */,
				EBA0ECD01D38C6A7006C8730 /* 12.png */,
				EBA0ECD11D38C6A7006C8730 /* 2.png */,
				EBA0ECD21D38C6A7006C8730 /* 3.png */,
				EBA0ECD31D38C6A7006C8730 /* 4.png */,
				EBA0ECD41D38C6A7006C8730 /* 5.png */,
				EBA0ECD51D38C6A7006C8730 /* 6.png */,
				EBA0ECD61D38C6A7006C8730 /* 7.png */,
				EBA0ECD71D38C6A7006C8730 /* 8.png */,
				EBA0ECD81D38C6A7006C8730 /* 9.png */,
			);
			path = "图标png";
			sourceTree = "<group>";
		};
		EBC1416B1D3F124E00A20701 /* cell控件 */ = {
			isa = PBXGroup;
			children = (
			);
			name = "cell控件";
			sourceTree = "<group>";
		};
		EBC141781D3F218E00A20701 /* 概要 */ = {
			isa = PBXGroup;
			children = (
				EBC5BC6A1D3E034100A3E55A /* DQXQController.h */,
				EBC5BC6B1D3E034100A3E55A /* DQXQController.m */,
			);
			name = "概要";
			sourceTree = "<group>";
		};
		EBC141791D3F21A200A20701 /* 详情 */ = {
			isa = PBXGroup;
			children = (
				EBC1417B1D3F531E00A20701 /* XQ_XQViewController.h */,
				EBC1417C1D3F531F00A20701 /* XQ_XQViewController.m */,
			);
			name = "详情";
			sourceTree = "<group>";
		};
		EBC262841D474E59007A6F9C /* 获取当前日期 */ = {
			isa = PBXGroup;
			children = (
				EBC262861D47571D007A6F9C /* DateNowString.h */,
				EBC262871D47571D007A6F9C /* DateNowString.m */,
			);
			name = "获取当前日期";
			sourceTree = "<group>";
		};
		EBC262851D474E9C007A6F9C /* 数据 */ = {
			isa = PBXGroup;
			children = (
				EBC262841D474E59007A6F9C /* 获取当前日期 */,
			);
			name = "数据";
			sourceTree = "<group>";
		};
		EBC5BC711D3E110500A3E55A /* 图标 */ = {
			isa = PBXGroup;
			children = (
				EBDB48F91D5026E10029FEE8 /* drop4.png */,
				EBC5BC721D3E197100A3E55A /* nav_back.png */,
				EB1C56241D40594C0004AB2F /* search-icon.png */,
			);
			name = "图标";
			sourceTree = "<group>";
		};
		EBDB48FB1D5070730029FEE8 /* 自定义折线图 */ = {
			isa = PBXGroup;
			children = (
				EBDB48FF1D5072E30029FEE8 /* zxLIneView.h */,
				EBDB49001D5072E30029FEE8 /* zxLIneView.m */,
			);
			name = "自定义折线图";
			sourceTree = "<group>";
		};
		EBE25A421D45DFB90078A073 /* 首字母排序 */ = {
			isa = PBXGroup;
			children = (
				EBE25A431D45DFE60078A073 /* pinyin */,
			);
			name = "首字母排序";
			sourceTree = "<group>";
		};
		EBE25A431D45DFE60078A073 /* pinyin */ = {
			isa = PBXGroup;
			children = (
				EBE25A441D45DFE60078A073 /* pinyin.c */,
				EBE25A451D45DFE60078A073 /* pinyin.h */,
			);
			path = pinyin;
			sourceTree = "<group>";
		};
		EBE2990D1D4F485B006A45CC /* 柱状图 */ = {
			isa = PBXGroup;
			children = (
				EBE2990E1D4F488E006A45CC /* ZFChart */,
			);
			name = "柱状图";
			sourceTree = "<group>";
		};
		EBE2990E1D4F488E006A45CC /* ZFChart */ = {
			isa = PBXGroup;
			children = (
				EBE2990F1D4F488E006A45CC /* Category */,
				EBE299161D4F488E006A45CC /* Other */,
				EBE2991B1D4F488E006A45CC /* ZFBarChart */,
				EBE299201D4F488E006A45CC /* ZFGenericChart */,
				EBE299271D4F488E006A45CC /* ZFLineChart */,
				EBE2992E1D4F488F006A45CC /* ZFPieChart */,
			);
			path = ZFChart;
			sourceTree = "<group>";
		};
		EBE2990F1D4F488E006A45CC /* Category */ = {
			isa = PBXGroup;
			children = (
				EBE299101D4F488E006A45CC /* NSString+Zirkfied.h */,
				EBE299111D4F488E006A45CC /* NSString+Zirkfied.m */,
				EBE299121D4F488E006A45CC /* UIColor+Zirkfied.h */,
				EBE299131D4F488E006A45CC /* UIColor+Zirkfied.m */,
				EBE299141D4F488E006A45CC /* UIView+Zirkfied.h */,
				EBE299151D4F488E006A45CC /* UIView+Zirkfied.m */,
			);
			path = Category;
			sourceTree = "<group>";
		};
		EBE299161D4F488E006A45CC /* Other */ = {
			isa = PBXGroup;
			children = (
				EBE299171D4F488E006A45CC /* ZFChart.h */,
				EBE299181D4F488E006A45CC /* ZFColor.h */,
				EBE299191D4F488E006A45CC /* ZFConst.h */,
				EBE2991A1D4F488E006A45CC /* ZFConst.m */,
			);
			path = Other;
			sourceTree = "<group>";
		};
		EBE2991B1D4F488E006A45CC /* ZFBarChart */ = {
			isa = PBXGroup;
			children = (
				EBE2991C1D4F488E006A45CC /* ZFBar.h */,
				EBE2991D1D4F488E006A45CC /* ZFBar.m */,
				EBE2991E1D4F488E006A45CC /* ZFBarChart.h */,
				EBE2991F1D4F488E006A45CC /* ZFBarChart.m */,
			);
			path = ZFBarChart;
			sourceTree = "<group>";
		};
		EBE299201D4F488E006A45CC /* ZFGenericChart */ = {
			isa = PBXGroup;
			children = (
				EBE299211D4F488E006A45CC /* ZFAxisLine.h */,
				EBE299221D4F488E006A45CC /* ZFAxisLine.m */,
				EBE299231D4F488E006A45CC /* ZFGenericChart.h */,
				EBE299241D4F488E006A45CC /* ZFGenericChart.m */,
				EBE299251D4F488E006A45CC /* ZFLabel.h */,
				EBE299261D4F488E006A45CC /* ZFLabel.m */,
			);
			path = ZFGenericChart;
			sourceTree = "<group>";
		};
		EBE299271D4F488E006A45CC /* ZFLineChart */ = {
			isa = PBXGroup;
			children = (
				EBE299281D4F488E006A45CC /* ZFCirque.h */,
				EBE299291D4F488E006A45CC /* ZFCirque.m */,
				EBE2992A1D4F488F006A45CC /* ZFLine.h */,
				EBE2992B1D4F488F006A45CC /* ZFLine.m */,
				EBE2992C1D4F488F006A45CC /* ZFLineChart.h */,
				EBE2992D1D4F488F006A45CC /* ZFLineChart.m */,
			);
			path = ZFLineChart;
			sourceTree = "<group>";
		};
		EBE2992E1D4F488F006A45CC /* ZFPieChart */ = {
			isa = PBXGroup;
			children = (
				EBE2992F1D4F488F006A45CC /* ZFPieChart.h */,
				EBE299301D4F488F006A45CC /* ZFPieChart.m */,
				EBE299311D4F488F006A45CC /* ZFTranslucencePath.h */,
				EBE299321D4F488F006A45CC /* ZFTranslucencePath.m */,
			);
			path = ZFPieChart;
			sourceTree = "<group>";
		};
		EBE866A71D3CB75300D84FC9 /* 主界面 */ = {
			isa = PBXGroup;
			children = (
				EB4EC5B71D3BB00A00E24D1E /* BTView.h */,
				EB4EC5B81D3BB00A00E24D1E /* BTView.m */,
				EB4EC5BA1D3BB23400E24D1E /* MainViewController.h */,
				EB4EC5BB1D3BB23400E24D1E /* MainViewController.m */,
			);
			name = "主界面";
			sourceTree = "<group>";
		};
		EBEE81871D3471C100469462 = {
			isa = PBXGroup;
			children = (
				EBEE81921D3471C100469462 /* YTZG */,
				EBEE81AC1D3471C200469462 /* YTZGTests */,
				EBEE81B71D3471C200469462 /* YTZGUITests */,
				EBEE81911D3471C100469462 /* Products */,
			);
			sourceTree = "<group>";
		};
		EBEE81911D3471C100469462 /* Products */ = {
			isa = PBXGroup;
			children = (
				EBEE81901D3471C100469462 /* YTZG.app */,
				EBEE81A91D3471C200469462 /* YTZGTests.xctest */,
				EBEE81B41D3471C200469462 /* YTZGUITests.xctest */,
			);
			name = Products;
			sourceTree = "<group>";
		};
		EBEE81921D3471C100469462 /* YTZG */ = {
			isa = PBXGroup;
			children = (
				EBC262851D474E9C007A6F9C /* 数据 */,
				EBA0ECCB1D38C681006C8730 /* 图片 */,
				EBA0ECB71D38C0AB006C8730 /* 主界面 */,
				EBA0ECAD1D38BF99006C8730 /* 登陆界面 */,
				EBEE81961D3471C100469462 /* AppDelegate.h */,
				EBEE81971D3471C100469462 /* AppDelegate.m */,
				EBEE819C1D3471C100469462 /* Main.storyboard */,
				EBEE819F1D3471C100469462 /* Assets.xcassets */,
				EBEE81A11D3471C100469462 /* LaunchScreen.storyboard */,
				EBEE81A41D3471C100469462 /* Info.plist */,
				EBEE81E91D347EB100469462 /* 第三方库 */,
				EBEE81931D3471C100469462 /* Supporting Files */,
			);
			path = YTZG;
			sourceTree = "<group>";
		};
		EBEE81931D3471C100469462 /* Supporting Files */ = {
			isa = PBXGroup;
			children = (
				EBEE81941D3471C100469462 /* main.m */,
			);
			name = "Supporting Files";
			sourceTree = "<group>";
		};
		EBEE81AC1D3471C200469462 /* YTZGTests */ = {
			isa = PBXGroup;
			children = (
				EBEE81AD1D3471C200469462 /* YTZGTests.m */,
				EBEE81AF1D3471C200469462 /* Info.plist */,
			);
			path = YTZGTests;
			sourceTree = "<group>";
		};
		EBEE81B71D3471C200469462 /* YTZGUITests */ = {
			isa = PBXGroup;
			children = (
				EBEE81B81D3471C200469462 /* YTZGUITests.m */,
				EBEE81BA1D3471C200469462 /* Info.plist */,
			);
			path = YTZGUITests;
			sourceTree = "<group>";
		};
		EBEE81E91D347EB100469462 /* 第三方库 */ = {
			isa = PBXGroup;
			children = (
				EBE25A421D45DFB90078A073 /* 首字母排序 */,
				EBF505281D421B4E00DE267F /* 第三方字体库 */,
				EBC5BC681D3DF63F00A3E55A /* CoreGraphics.framework */,
				EBC5BC661D3DF62400A3E55A /* UIKit.framework */,
				EBC5BC641D3DF61100A3E55A /* Foundation.framework */,
				EBC5BC621D3DF5FE00A3E55A /* QuartzCore.framework */,
				EBEE81FA1D34801700469462 /* UIKit+AFNetworking */,
				EBEE81EC1D34801700469462 /* AFNetworking */,
			);
			name = "第三方库";
			sourceTree = "<group>";
		};
		EBEE81EC1D34801700469462 /* AFNetworking */ = {
			isa = PBXGroup;
			children = (
				EBEE81ED1D34801700469462 /* AFHTTPSessionManager.h */,
				EBEE81EE1D34801700469462 /* AFHTTPSessionManager.m */,
				EBEE81EF1D34801700469462 /* AFNetworking.h */,
				EBEE81F01D34801700469462 /* AFNetworkReachabilityManager.h */,
				EBEE81F11D34801700469462 /* AFNetworkReachabilityManager.m */,
				EBEE81F21D34801700469462 /* AFSecurityPolicy.h */,
				EBEE81F31D34801700469462 /* AFSecurityPolicy.m */,
				EBEE81F41D34801700469462 /* AFURLRequestSerialization.h */,
				EBEE81F51D34801700469462 /* AFURLRequestSerialization.m */,
				EBEE81F61D34801700469462 /* AFURLResponseSerialization.h */,
				EBEE81F71D34801700469462 /* AFURLResponseSerialization.m */,
				EBEE81F81D34801700469462 /* AFURLSessionManager.h */,
				EBEE81F91D34801700469462 /* AFURLSessionManager.m */,
			);
			name = AFNetworking;
			path = YTZGTests/AFNetworking;
			sourceTree = SOURCE_ROOT;
		};
		EBEE81FA1D34801700469462 /* UIKit+AFNetworking */ = {
			isa = PBXGroup;
			children = (
				EBEE81FB1D34801700469462 /* AFAutoPurgingImageCache.h */,
				EBEE81FC1D34801700469462 /* AFAutoPurgingImageCache.m */,
				EBEE81FD1D34801700469462 /* AFImageDownloader.h */,
				EBEE81FE1D34801700469462 /* AFImageDownloader.m */,
				EBEE81FF1D34801700469462 /* AFNetworkActivityIndicatorManager.h */,
				EBEE82001D34801700469462 /* AFNetworkActivityIndicatorManager.m */,
				EBEE82011D34801700469462 /* UIActivityIndicatorView+AFNetworking.h */,
				EBEE82021D34801700469462 /* UIActivityIndicatorView+AFNetworking.m */,
				EBEE82031D34801700469462 /* UIButton+AFNetworking.h */,
				EBEE82041D34801700469462 /* UIButton+AFNetworking.m */,
				EBEE82051D34801700469462 /* UIImage+AFNetworking.h */,
				EBEE82061D34801700469462 /* UIImageView+AFNetworking.h */,
				EBEE82071D34801700469462 /* UIImageView+AFNetworking.m */,
				EBEE82081D34801700469462 /* UIKit+AFNetworking.h */,
				EBEE82091D34801700469462 /* UIProgressView+AFNetworking.h */,
				EBEE820A1D34801700469462 /* UIProgressView+AFNetworking.m */,
				EBEE820B1D34801700469462 /* UIRefreshControl+AFNetworking.h */,
				EBEE820C1D34801700469462 /* UIRefreshControl+AFNetworking.m */,
				EBEE820D1D34801700469462 /* UIWebView+AFNetworking.h */,
				EBEE820E1D34801700469462 /* UIWebView+AFNetworking.m */,
			);
			name = "UIKit+AFNetworking";
			path = "YTZGTests/UIKit+AFNetworking";
			sourceTree = SOURCE_ROOT;
		};
		EBEF38BE1D41AC3200CA3A58 /* 县下边的区 */ = {
			isa = PBXGroup;
			children = (
				EBEF38BF1D41AC6600CA3A58 /* XQX_ViewController.h */,
				EBEF38C01D41AC6600CA3A58 /* XQX_ViewController.m */,
				EBEF38C21D41AD9500CA3A58 /* 联系人 */,
			);
			name = "县下边的区";
			sourceTree = "<group>";
		};
		EBEF38C21D41AD9500CA3A58 /* 联系人 */ = {
			isa = PBXGroup;
			children = (
				EBE25A471D45E5510078A073 /* ChineseString.h */,
				EBE25A481D45E5510078A073 /* ChineseString.m */,
				EBEF38C31D41B31B00CA3A58 /* LINKViewController.h */,
				EBEF38C41D41B31B00CA3A58 /* LINKViewController.m */,
			);
			name = "联系人";
			sourceTree = "<group>";
		};
		EBEF38C91D41B99D00CA3A58 /* 预案详情阅读 */ = {
			isa = PBXGroup;
			children = (
				EBEF38CA1D41B9D000CA3A58 /* YAXQViewController.h */,
				EBEF38CB1D41B9D000CA3A58 /* YAXQViewController.m */,
			);
			name = "预案详情阅读";
			sourceTree = "<group>";
		};
		EBEF38D01D41BDAD00CA3A58 /* 人员确定 */ = {
			isa = PBXGroup;
			children = (
				EBEF38D11D41BDCE00CA3A58 /* MANViewController.h */,
				EBEF38D21D41BDCE00CA3A58 /* MANViewController.m */,
			);
			name = "人员确定";
			sourceTree = "<group>";
		};
		EBF505281D421B4E00DE267F /* 第三方字体库 */ = {
			isa = PBXGroup;
			children = (
				EBF505291D421B7B00DE267F /* iPhone丽黑字体直接覆盖版A5 */,
			);
			name = "第三方字体库";
			sourceTree = "<group>";
		};
		EBF505291D421B7B00DE267F /* iPhone丽黑字体直接覆盖版A5 */ = {
			isa = PBXGroup;
			children = (
				EBF5052A1D421B7B00DE267F /* STHeiti-Light.ttc */,
				EBF5052B1D421B7B00DE267F /* STHeiti-Medium.ttc */,
			);
			path = "iPhone丽黑字体直接覆盖版A5";
			sourceTree = "<group>";
		};
/* End PBXGroup section */

/* Begin PBXNativeTarget section */
		EBEE818F1D3471C100469462 /* YTZG */ = {
			isa = PBXNativeTarget;
			buildConfigurationList = EBEE81BD1D3471C200469462 /* Build configuration list for PBXNativeTarget "YTZG" */;
			buildPhases = (
				EBEE818C1D3471C100469462 /* Sources */,
				EBEE818D1D3471C100469462 /* Frameworks */,
				EBEE818E1D3471C100469462 /* Resources */,
				EBEE81E51D347DD200469462 /* Embed Frameworks */,
			);
			buildRules = (
			);
			dependencies = (
			);
			name = YTZG;
			productName = YTZG;
			productReference = EBEE81901D3471C100469462 /* YTZG.app */;
			productType = "com.apple.product-type.application";
		};
		EBEE81A81D3471C200469462 /* YTZGTests */ = {
			isa = PBXNativeTarget;
			buildConfigurationList = EBEE81C01D3471C200469462 /* Build configuration list for PBXNativeTarget "YTZGTests" */;
			buildPhases = (
				EBEE81A51D3471C200469462 /* Sources */,
				EBEE81A61D3471C200469462 /* Frameworks */,
				EBEE81A71D3471C200469462 /* Resources */,
			);
			buildRules = (
			);
			dependencies = (
				EBEE81AB1D3471C200469462 /* PBXTargetDependency */,
			);
			name = YTZGTests;
			productName = YTZGTests;
			productReference = EBEE81A91D3471C200469462 /* YTZGTests.xctest */;
			productType = "com.apple.product-type.bundle.unit-test";
		};
		EBEE81B31D3471C200469462 /* YTZGUITests */ = {
			isa = PBXNativeTarget;
			buildConfigurationList = EBEE81C31D3471C200469462 /* Build configuration list for PBXNativeTarget "YTZGUITests" */;
			buildPhases = (
				EBEE81B01D3471C200469462 /* Sources */,
				EBEE81B11D3471C200469462 /* Frameworks */,
				EBEE81B21D3471C200469462 /* Resources */,
			);
			buildRules = (
			);
			dependencies = (
				EBEE81B61D3471C200469462 /* PBXTargetDependency */,
			);
			name = YTZGUITests;
			productName = YTZGUITests;
			productReference = EBEE81B41D3471C200469462 /* YTZGUITests.xctest */;
			productType = "com.apple.product-type.bundle.ui-testing";
		};
/* End PBXNativeTarget section */

/* Begin PBXProject section */
		EBEE81881D3471C100469462 /* Project object */ = {
			isa = PBXProject;
			attributes = {
				LastUpgradeCheck = 0730;
				ORGANIZATIONNAME = "李 恒";
				TargetAttributes = {
					EBEE818F1D3471C100469462 = {
						CreatedOnToolsVersion = 7.3.1;
					};
					EBEE81A81D3471C200469462 = {
						CreatedOnToolsVersion = 7.3.1;
						TestTargetID = EBEE818F1D3471C100469462;
					};
					EBEE81B31D3471C200469462 = {
						CreatedOnToolsVersion = 7.3.1;
						TestTargetID = EBEE818F1D3471C100469462;
					};
				};
			};
			buildConfigurationList = EBEE818B1D3471C100469462 /* Build configuration list for PBXProject "YTZG" */;
			compatibilityVersion = "Xcode 3.2";
			developmentRegion = English;
			hasScannedForEncodings = 0;
			knownRegions = (
				en,
				Base,
			);
			mainGroup = EBEE81871D3471C100469462;
			productRefGroup = EBEE81911D3471C100469462 /* Products */;
			projectDirPath = "";
			projectRoot = "";
			targets = (
				EBEE818F1D3471C100469462 /* YTZG */,
				EBEE81A81D3471C200469462 /* YTZGTests */,
				EBEE81B31D3471C200469462 /* YTZGUITests */,
			);
		};
/* End PBXProject section */

/* Begin PBXResourcesBuildPhase section */
		EBEE818E1D3471C100469462 /* Resources */ = {
			isa = PBXResourcesBuildPhase;
			buildActionMask = 2147483647;
			files = (
				EBA0ECE31D38C6A7006C8730 /* 8.png in Resources */,
				EBF5052C1D421B7B00DE267F /* STHeiti-Light.ttc in Resources */,
				EBA0ECE41D38C6A7006C8730 /* 9.png in Resources */,
				EBA0ECDF1D38C6A7006C8730 /* 4.png in Resources */,
				EBEE81A31D3471C100469462 /* LaunchScreen.storyboard in Resources */,
				EBC5BC731D3E197100A3E55A /* nav_back.png in Resources */,
				EBEE81A01D3471C100469462 /* Assets.xcassets in Resources */,
				EBA0ECE21D38C6A7006C8730 /* 7.png in Resources */,
				EBA0ECDA1D38C6A7006C8730 /* 10.png in Resources */,
				EBA0ECDC1D38C6A7006C8730 /* 12.png in Resources */,
				EBF5052D1D421B7B00DE267F /* STHeiti-Medium.ttc in Resources */,
				EBA0ECE11D38C6A7006C8730 /* 6.png in Resources */,
				EBA0ECDE1D38C6A7006C8730 /* 3.png in Resources */,
				EBDB48FA1D5026E10029FEE8 /* drop4.png in Resources */,
				EBEE819E1D3471C100469462 /* Main.storyboard in Resources */,
				EBA0ECDD1D38C6A7006C8730 /* 2.png in Resources */,
				EB1C56251D40594C0004AB2F /* search-icon.png in Resources */,
				EBA0ECE01D38C6A7006C8730 /* 5.png in Resources */,
				EBA0ECDB1D38C6A7006C8730 /* 11.png in Resources */,
				EBA0ECD91D38C6A7006C8730 /* 1.png in Resources */,
			);
			runOnlyForDeploymentPostprocessing = 0;
		};
		EBEE81A71D3471C200469462 /* Resources */ = {
			isa = PBXResourcesBuildPhase;
			buildActionMask = 2147483647;
			files = (
			);
			runOnlyForDeploymentPostprocessing = 0;
		};
		EBEE81B21D3471C200469462 /* Resources */ = {
			isa = PBXResourcesBuildPhase;
			buildActionMask = 2147483647;
			files = (
			);
			runOnlyForDeploymentPostprocessing = 0;
		};
/* End PBXResourcesBuildPhase section */

/* Begin PBXSourcesBuildPhase section */
		EBEE818C1D3471C100469462 /* Sources */ = {
			isa = PBXSourcesBuildPhase;
			buildActionMask = 2147483647;
			files = (
				EBEE821B1D34801700469462 /* UIProgressView+AFNetworking.m in Sources */,
				EBE25A411D45C6C50078A073 /* SXFJViewController.m in Sources */,
				EBEF38B91D41A38700CA3A58 /* QXGTViewController.m in Sources */,
				EBEE82141D34801700469462 /* AFURLSessionManager.m in Sources */,
				EBEE821D1D34801700469462 /* UIWebView+AFNetworking.m in Sources */,
				EB4EC5BC1D3BB23400E24D1E /* MainViewController.m in Sources */,
				EB3184181D45A32900B246BB /* XQWorkViewController.m in Sources */,
				EBEF38CC1D41B9D000CA3A58 /* YAXQViewController.m in Sources */,
				EBEF38BC1D41A6EF00CA3A58 /* TXLViewController.m in Sources */,
				EBEF38D31D41BDCE00CA3A58 /* MANViewController.m in Sources */,
				EB1C56301D40C1AD0004AB2F /* SW_ViewController.m in Sources */,
				EBE2993C1D4F488F006A45CC /* ZFCirque.m in Sources */,
				EBDB49011D5072E30029FEE8 /* zxLIneView.m in Sources */,
				EBE299381D4F488F006A45CC /* ZFBarChart.m in Sources */,
				EBE299391D4F488F006A45CC /* ZFAxisLine.m in Sources */,
				EBE299371D4F488F006A45CC /* ZFBar.m in Sources */,
				EBE2993E1D4F488F006A45CC /* ZFLineChart.m in Sources */,
				EB1C56231D4056C50004AB2F /* YQXXViewController.m in Sources */,
				EBE25A461D45DFE60078A073 /* pinyin.c in Sources */,
				EBEE821A1D34801700469462 /* UIImageView+AFNetworking.m in Sources */,
				EBEE819B1D3471C100469462 /* ViewController.m in Sources */,
				EBEF38C81D41B7A400CA3A58 /* FXYAViewController.m in Sources */,
				EB691F5D1D4B421E0004732B /* PopoverView.m in Sources */,
				EBE2993A1D4F488F006A45CC /* ZFGenericChart.m in Sources */,
				EBC141861D3F7A5F00A20701 /* FXJZViewController.m in Sources */,
				EBE299341D4F488F006A45CC /* UIColor+Zirkfied.m in Sources */,
				EBEE82191D34801700469462 /* UIButton+AFNetworking.m in Sources */,
				EBE299351D4F488F006A45CC /* UIView+Zirkfied.m in Sources */,
				EBEE81981D3471C100469462 /* AppDelegate.m in Sources */,
				EBC262881D47571D007A6F9C /* DateNowString.m in Sources */,
				EBC1417D1D3F531F00A20701 /* XQ_XQViewController.m in Sources */,
				EBEE82101D34801700469462 /* AFNetworkReachabilityManager.m in Sources */,
				EBEE821C1D34801700469462 /* UIRefreshControl+AFNetworking.m in Sources */,
				EBC5BC6D1D3E034100A3E55A /* DQXQController.m in Sources */,
				EBE299331D4F488F006A45CC /* NSString+Zirkfied.m in Sources */,
				EB691F5F1D4B421E0004732B /* SHPlot.m in Sources */,
				EBE25A3E1D45BB810078A073 /* XQFJViewController.m in Sources */,
				EBEE81951D3471C100469462 /* main.m in Sources */,
				EBEE82151D34801700469462 /* AFAutoPurgingImageCache.m in Sources */,
				EBEE82111D34801700469462 /* AFSecurityPolicy.m in Sources */,
				EBE2993F1D4F488F006A45CC /* ZFPieChart.m in Sources */,
				EB1C562C1D40A44E0004AB2F /* SQXXViewController.m in Sources */,
				EBE25A3B1D45AAF40078A073 /* XQWAreaViewController.m in Sources */,
				EB4EC5B91D3BB00A00E24D1E /* BTView.m in Sources */,
				EBC141831D3F771600A20701 /* WorkViewController.m in Sources */,
				EBE25A491D45E5510078A073 /* ChineseString.m in Sources */,
				EBC141801D3F597F00A20701 /* SetViewController.m in Sources */,
				EBEE82121D34801700469462 /* AFURLRequestSerialization.m in Sources */,
				EBE2993B1D4F488F006A45CC /* ZFLabel.m in Sources */,
				EBEE82171D34801700469462 /* AFNetworkActivityIndicatorManager.m in Sources */,
				EBE2993D1D4F488F006A45CC /* ZFLine.m in Sources */,
				EBE299401D4F488F006A45CC /* ZFTranslucencePath.m in Sources */,
				EBEF38C11D41AC6600CA3A58 /* XQX_ViewController.m in Sources */,
				EBE299361D4F488F006A45CC /* ZFConst.m in Sources */,
				EBEE82131D34801700469462 /* AFURLResponseSerialization.m in Sources */,
				EBEE820F1D34801700469462 /* AFHTTPSessionManager.m in Sources */,
				EB1C56291D409B950004AB2F /* YLViewController.m in Sources */,
				EBEF38CF1D41BCC700CA3A58 /* YJDXViewController.m in Sources */,
				EBEE82161D34801700469462 /* AFImageDownloader.m in Sources */,
				EBEF38C51D41B31B00CA3A58 /* LINKViewController.m in Sources */,
				EB691F5E1D4B421E0004732B /* SHLineGraphView.m in Sources */,
				EBEE82181D34801700469462 /* UIActivityIndicatorView+AFNetworking.m in Sources */,
			);
			runOnlyForDeploymentPostprocessing = 0;
		};
		EBEE81A51D3471C200469462 /* Sources */ = {
			isa = PBXSourcesBuildPhase;
			buildActionMask = 2147483647;
			files = (
				EBEE81AE1D3471C200469462 /* YTZGTests.m in Sources */,
			);
			runOnlyForDeploymentPostprocessing = 0;
		};
		EBEE81B01D3471C200469462 /* Sources */ = {
			isa = PBXSourcesBuildPhase;
			buildActionMask = 2147483647;
			files = (
				EBEE81B91D3471C200469462 /* YTZGUITests.m in Sources */,
			);
			runOnlyForDeploymentPostprocessing = 0;
		};
/* End PBXSourcesBuildPhase section */

/* Begin PBXTargetDependency section */
		EBEE81AB1D3471C200469462 /* PBXTargetDependency */ = {
			isa = PBXTargetDependency;
			target = EBEE818F1D3471C100469462 /* YTZG */;
			targetProxy = EBEE81AA1D3471C200469462 /* PBXContainerItemProxy */;
		};
		EBEE81B61D3471C200469462 /* PBXTargetDependency */ = {
			isa = PBXTargetDependency;
			target = EBEE818F1D3471C100469462 /* YTZG */;
			targetProxy = EBEE81B51D3471C200469462 /* PBXContainerItemProxy */;
		};
/* End PBXTargetDependency section */

/* Begin PBXVariantGroup section */
		EBEE819C1D3471C100469462 /* Main.storyboard */ = {
			isa = PBXVariantGroup;
			children = (
				EBEE819D1D3471C100469462 /* Base */,
			);
			name = Main.storyboard;
			sourceTree = "<group>";
		};
		EBEE81A11D3471C100469462 /* LaunchScreen.storyboard */ = {
			isa = PBXVariantGroup;
			children = (
				EBEE81A21D3471C100469462 /* Base */,
			);
			name = LaunchScreen.storyboard;
			sourceTree = "<group>";
		};
/* End PBXVariantGroup section */

/* Begin XCBuildConfiguration section */
		EBEE81BB1D3471C200469462 /* Debug */ = {
			isa = XCBuildConfiguration;
			buildSettings = {
				ALWAYS_SEARCH_USER_PATHS = NO;
				CLANG_ANALYZER_NONNULL = YES;
				CLANG_CXX_LANGUAGE_STANDARD = "gnu++0x";
				CLANG_CXX_LIBRARY = "libc++";
				CLANG_ENABLE_MODULES = YES;
				CLANG_ENABLE_OBJC_ARC = YES;
				CLANG_WARN_BOOL_CONVERSION = YES;
				CLANG_WARN_CONSTANT_CONVERSION = YES;
				CLANG_WARN_DIRECT_OBJC_ISA_USAGE = YES_ERROR;
				CLANG_WARN_EMPTY_BODY = YES;
				CLANG_WARN_ENUM_CONVERSION = YES;
				CLANG_WARN_INT_CONVERSION = YES;
				CLANG_WARN_OBJC_ROOT_CLASS = YES_ERROR;
				CLANG_WARN_UNREACHABLE_CODE = YES;
				CLANG_WARN__DUPLICATE_METHOD_MATCH = YES;
				"CODE_SIGN_IDENTITY[sdk=iphoneos*]" = "iPhone Developer";
				COPY_PHASE_STRIP = NO;
				DEBUG_INFORMATION_FORMAT = dwarf;
				ENABLE_STRICT_OBJC_MSGSEND = YES;
				ENABLE_TESTABILITY = YES;
				GCC_C_LANGUAGE_STANDARD = gnu99;
				GCC_DYNAMIC_NO_PIC = NO;
				GCC_NO_COMMON_BLOCKS = YES;
				GCC_OPTIMIZATION_LEVEL = 0;
				GCC_PREPROCESSOR_DEFINITIONS = (
					"DEBUG=1",
					"$(inherited)",
				);
				GCC_WARN_64_TO_32_BIT_CONVERSION = YES;
				GCC_WARN_ABOUT_RETURN_TYPE = YES_ERROR;
				GCC_WARN_UNDECLARED_SELECTOR = YES;
				GCC_WARN_UNINITIALIZED_AUTOS = YES_AGGRESSIVE;
				GCC_WARN_UNUSED_FUNCTION = YES;
				GCC_WARN_UNUSED_VARIABLE = YES;
				IPHONEOS_DEPLOYMENT_TARGET = 9.3;
				MTL_ENABLE_DEBUG_INFO = YES;
				ONLY_ACTIVE_ARCH = YES;
				SDKROOT = iphoneos;
			};
			name = Debug;
		};
		EBEE81BC1D3471C200469462 /* Release */ = {
			isa = XCBuildConfiguration;
			buildSettings = {
				ALWAYS_SEARCH_USER_PATHS = NO;
				CLANG_ANALYZER_NONNULL = YES;
				CLANG_CXX_LANGUAGE_STANDARD = "gnu++0x";
				CLANG_CXX_LIBRARY = "libc++";
				CLANG_ENABLE_MODULES = YES;
				CLANG_ENABLE_OBJC_ARC = YES;
				CLANG_WARN_BOOL_CONVERSION = YES;
				CLANG_WARN_CONSTANT_CONVERSION = YES;
				CLANG_WARN_DIRECT_OBJC_ISA_USAGE = YES_ERROR;
				CLANG_WARN_EMPTY_BODY = YES;
				CLANG_WARN_ENUM_CONVERSION = YES;
				CLANG_WARN_INT_CONVERSION = YES;
				CLANG_WARN_OBJC_ROOT_CLASS = YES_ERROR;
				CLANG_WARN_UNREACHABLE_CODE = YES;
				CLANG_WARN__DUPLICATE_METHOD_MATCH = YES;
				"CODE_SIGN_IDENTITY[sdk=iphoneos*]" = "iPhone Developer";
				COPY_PHASE_STRIP = NO;
				DEBUG_INFORMATION_FORMAT = "dwarf-with-dsym";
				ENABLE_NS_ASSERTIONS = NO;
				ENABLE_STRICT_OBJC_MSGSEND = YES;
				GCC_C_LANGUAGE_STANDARD = gnu99;
				GCC_NO_COMMON_BLOCKS = YES;
				GCC_WARN_64_TO_32_BIT_CONVERSION = YES;
				GCC_WARN_ABOUT_RETURN_TYPE = YES_ERROR;
				GCC_WARN_UNDECLARED_SELECTOR = YES;
				GCC_WARN_UNINITIALIZED_AUTOS = YES_AGGRESSIVE;
				GCC_WARN_UNUSED_FUNCTION = YES;
				GCC_WARN_UNUSED_VARIABLE = YES;
				IPHONEOS_DEPLOYMENT_TARGET = 9.3;
				MTL_ENABLE_DEBUG_INFO = NO;
				SDKROOT = iphoneos;
				VALIDATE_PRODUCT = YES;
			};
			name = Release;
		};
		EBEE81BE1D3471C200469462 /* Debug */ = {
			isa = XCBuildConfiguration;
			buildSettings = {
				ASSETCATALOG_COMPILER_APPICON_NAME = AppIcon;
				ENABLE_BITCODE = NO;
				INFOPLIST_FILE = YTZG/Info.plist;
				LD_RUNPATH_SEARCH_PATHS = "$(inherited) @executable_path/Frameworks";
				PRODUCT_BUNDLE_IDENTIFIER = git.YTZG;
				PRODUCT_NAME = "$(TARGET_NAME)";
			};
			name = Debug;
		};
		EBEE81BF1D3471C200469462 /* Release */ = {
			isa = XCBuildConfiguration;
			buildSettings = {
				ASSETCATALOG_COMPILER_APPICON_NAME = AppIcon;
				ENABLE_BITCODE = NO;
				INFOPLIST_FILE = YTZG/Info.plist;
				LD_RUNPATH_SEARCH_PATHS = "$(inherited) @executable_path/Frameworks";
				PRODUCT_BUNDLE_IDENTIFIER = git.YTZG;
				PRODUCT_NAME = "$(TARGET_NAME)";
			};
			name = Release;
		};
		EBEE81C11D3471C200469462 /* Debug */ = {
			isa = XCBuildConfiguration;
			buildSettings = {
				BUNDLE_LOADER = "$(TEST_HOST)";
				INFOPLIST_FILE = YTZGTests/Info.plist;
				LD_RUNPATH_SEARCH_PATHS = "$(inherited) @executable_path/Frameworks @loader_path/Frameworks";
				PRODUCT_BUNDLE_IDENTIFIER = git.YTZGTests;
				PRODUCT_NAME = "$(TARGET_NAME)";
				TEST_HOST = "$(BUILT_PRODUCTS_DIR)/YTZG.app/YTZG";
			};
			name = Debug;
		};
		EBEE81C21D3471C200469462 /* Release */ = {
			isa = XCBuildConfiguration;
			buildSettings = {
				BUNDLE_LOADER = "$(TEST_HOST)";
				INFOPLIST_FILE = YTZGTests/Info.plist;
				LD_RUNPATH_SEARCH_PATHS = "$(inherited) @executable_path/Frameworks @loader_path/Frameworks";
				PRODUCT_BUNDLE_IDENTIFIER = git.YTZGTests;
				PRODUCT_NAME = "$(TARGET_NAME)";
				TEST_HOST = "$(BUILT_PRODUCTS_DIR)/YTZG.app/YTZG";
			};
			name = Release;
		};
		EBEE81C41D3471C200469462 /* Debug */ = {
			isa = XCBuildConfiguration;
			buildSettings = {
				INFOPLIST_FILE = YTZGUITests/Info.plist;
				LD_RUNPATH_SEARCH_PATHS = "$(inherited) @executable_path/Frameworks @loader_path/Frameworks";
				PRODUCT_BUNDLE_IDENTIFIER = git.YTZGUITests;
				PRODUCT_NAME = "$(TARGET_NAME)";
				TEST_TARGET_NAME = YTZG;
			};
			name = Debug;
		};
		EBEE81C51D3471C200469462 /* Release */ = {
			isa = XCBuildConfiguration;
			buildSettings = {
				INFOPLIST_FILE = YTZGUITests/Info.plist;
				LD_RUNPATH_SEARCH_PATHS = "$(inherited) @executable_path/Frameworks @loader_path/Frameworks";
				PRODUCT_BUNDLE_IDENTIFIER = git.YTZGUITests;
				PRODUCT_NAME = "$(TARGET_NAME)";
				TEST_TARGET_NAME = YTZG;
			};
			name = Release;
		};
/* End XCBuildConfiguration section */

/* Begin XCConfigurationList section */
		EBEE818B1D3471C100469462 /* Build configuration list for PBXProject "YTZG" */ = {
			isa = XCConfigurationList;
			buildConfigurations = (
				EBEE81BB1D3471C200469462 /* Debug */,
				EBEE81BC1D3471C200469462 /* Release */,
			);
			defaultConfigurationIsVisible = 0;
			defaultConfigurationName = Release;
		};
		EBEE81BD1D3471C200469462 /* Build configuration list for PBXNativeTarget "YTZG" */ = {
			isa = XCConfigurationList;
			buildConfigurations = (
				EBEE81BE1D3471C200469462 /* Debug */,
				EBEE81BF1D3471C200469462 /* Release */,
			);
			defaultConfigurationIsVisible = 0;
			defaultConfigurationName = Release;
		};
		EBEE81C01D3471C200469462 /* Build configuration list for PBXNativeTarget "YTZGTests" */ = {
			isa = XCConfigurationList;
			buildConfigurations = (
				EBEE81C11D3471C200469462 /* Debug */,
				EBEE81C21D3471C200469462 /* Release */,
			);
			defaultConfigurationIsVisible = 0;
			defaultConfigurationName = Release;
		};
		EBEE81C31D3471C200469462 /* Build configuration list for PBXNativeTarget "YTZGUITests" */ = {
			isa = XCConfigurationList;
			buildConfigurations = (
				EBEE81C41D3471C200469462 /* Debug */,
				EBEE81C51D3471C200469462 /* Release */,
			);
			defaultConfigurationIsVisible = 0;
			defaultConfigurationName = Release;
		};
/* End XCConfigurationList section */
	};
	rootObject = EBEE81881D3471C100469462 /* Project object */;
}
